
Microsoft Visual Studio Solution File, Format Version 12.00
# Visual Studio 15
VisualStudioVersion = 15.0.28307.757
MinimumVisualStudioVersion = 10.0.40219.1
Project("{FAE04EC0-301F-11D3-BF4B-00C04F79EFBC}") = "NewTestApp.Android", "NewTestApp\NewTestApp.Android\NewTestApp.Android.csproj", "{26D06CA3-2164-42B3-98B5-5FE610CB7D55}"
EndProject
Project("{FAE04EC0-301F-11D3-BF4B-00C04F79EFBC}") = "NewTestApp.iOS", "NewTestApp\NewTestApp.iOS\NewTestApp.iOS.csproj", "{BB50E8E4-02AD-4B64-8B74-5583677CFECC}"
EndProject
Project("{9A19103F-16F7-4668-BE54-9A1E7A4F7556}") = "NewTestApp", "NewTestApp\NewTestApp\NewTestApp.csproj", "{B2F0C0AC-C340-4B16-AFBF-83C4F2CBA2BE}"
EndProject
Project("{2150E333-8FDC-42A3-9474-1A3956D46DE8}") = "Button Image", "Button Image", "{9FD0A6E4-2AE3-4DA8-95AB-E68600D20AF7}"
EndProject
Project("{FAE04EC0-301F-11D3-BF4B-00C04F79EFBC}") = "ButtonImages.Android", "ButtonImages\ButtonImages.Android\ButtonImages.Android.csproj", "{F7BF62EF-21B0-435F-8C28-8E64F9A63E4E}"
EndProject
Project("{FAE04EC0-301F-11D3-BF4B-00C04F79EFBC}") = "ButtonImages.iOS", "ButtonImages\ButtonImages.iOS\ButtonImages.iOS.csproj", "{EBFD8D00-8FFB-4F23-8FD9-2F25D47238FE}"
EndProject
Project("{9A19103F-16F7-4668-BE54-9A1E7A4F7556}") = "ButtonImages", "ButtonImages\ButtonImages\ButtonImages.csproj", "{F799EBA2-634B-4B1E-B2C0-9106C166AC4F}"
EndProject
Project("{2150E333-8FDC-42A3-9474-1A3956D46DE8}") = "MVVM Basic", "MVVM Basic", "{F636E1B3-C7F5-4AEC-90E9-80C077450B03}"
EndProject
Project("{FAE04EC0-301F-11D3-BF4B-00C04F79EFBC}") = "MVVMBasics.Android", "MVVMBasics\MVVMBasics.Android\MVVMBasics.Android.csproj", "{9A31F1F3-3DC0-420F-83E0-302367BC6175}"
EndProject
Project("{FAE04EC0-301F-11D3-BF4B-00C04F79EFBC}") = "MVVMBasics.iOS", "MVVMBasics\MVVMBasics.iOS\MVVMBasics.iOS.csproj", "{5259E0FF-2936-4B52-B274-662F72C37B00}"
EndProject
Project("{9A19103F-16F7-4668-BE54-9A1E7A4F7556}") = "MVVMBasics", "MVVMBasics\MVVMBasics\MVVMBasics.csproj", "{BDE97A43-0BF6-4127-A28E-127735F7D783}"
EndProject
Project("{2150E333-8FDC-42A3-9474-1A3956D46DE8}") = "MVVM Basic 2", "MVVM Basic 2", "{5570A199-8A60-46B7-9A8A-E7A0CB930717}"
EndProject
Project("{FAE04EC0-301F-11D3-BF4B-00C04F79EFBC}") = "MVVMBasics2.Android", "MVVMBasics2\MVVMBasics2.Android\MVVMBasics2.Android.csproj", "{92402005-FA69-4E7E-A206-C6C58B726249}"
EndProject
Project("{FAE04EC0-301F-11D3-BF4B-00C04F79EFBC}") = "MVVMBasics2.iOS", "MVVMBasics2\MVVMBasics2.iOS\MVVMBasics2.iOS.csproj", "{854BAEEC-FF2F-4A8C-8EE9-1FC28265BF45}"
EndProject
Project("{9A19103F-16F7-4668-BE54-9A1E7A4F7556}") = "MVVMBasics2", "MVVMBasics2\MVVMBasics2\MVVMBasics2.csproj", "{3B328F50-B935-4F84-BA52-825932931C82}"
EndProject
Project("{2150E333-8FDC-42A3-9474-1A3956D46DE8}") = "One Way", "One Way", "{285D98DA-238A-42A8-9A31-EF48D8BD4DD7}"
EndProject
Project("{FAE04EC0-301F-11D3-BF4B-00C04F79EFBC}") = "OneWay.Android", "OneWay\OneWay.Android\OneWay.Android.csproj", "{6C79DB3B-6239-48F3-BFA8-D4A92DE8754F}"
EndProject
Project("{FAE04EC0-301F-11D3-BF4B-00C04F79EFBC}") = "OneWay.iOS", "OneWay\OneWay.iOS\OneWay.iOS.csproj", "{14B64E25-930D-4E5D-8A8B-63D0C1C652D4}"
EndProject
Project("{9A19103F-16F7-4668-BE54-9A1E7A4F7556}") = "OneWay", "OneWay\OneWay\OneWay.csproj", "{F03490FF-C700-4992-B6D9-446AB51CBE20}"
EndProject
Project("{2150E333-8FDC-42A3-9474-1A3956D46DE8}") = "Two Way", "Two Way", "{BD5CD0ED-E860-4779-81FC-BBF79783AE90}"
EndProject
Project("{FAE04EC0-301F-11D3-BF4B-00C04F79EFBC}") = "TwoWay.Android", "TwoWay\TwoWay.Android\TwoWay.Android.csproj", "{871D261C-C169-4CCD-973B-6551E7604946}"
EndProject
Project("{FAE04EC0-301F-11D3-BF4B-00C04F79EFBC}") = "TwoWay.iOS", "TwoWay\TwoWay.iOS\TwoWay.iOS.csproj", "{DDFD563A-7718-4507-95CE-4B84374B30BF}"
EndProject
Project("{9A19103F-16F7-4668-BE54-9A1E7A4F7556}") = "TwoWay", "TwoWay\TwoWay\TwoWay.csproj", "{A69A32BA-5BC2-4958-A072-BE40F4331C6E}"
EndProject
Project("{2150E333-8FDC-42A3-9474-1A3956D46DE8}") = "MVVM 3", "MVVM 3", "{F9E0A693-D583-4030-8E43-C1EF609AE271}"
EndProject
Project("{FAE04EC0-301F-11D3-BF4B-00C04F79EFBC}") = "Mvvm3.Android", "Mvvm3\Mvvm3.Android\Mvvm3.Android.csproj", "{4BCD2BC2-E27B-46EC-B4E1-DDABD46E5D33}"
EndProject
Project("{FAE04EC0-301F-11D3-BF4B-00C04F79EFBC}") = "Mvvm3.iOS", "Mvvm3\Mvvm3.iOS\Mvvm3.iOS.csproj", "{C345AC2F-1AB8-423D-A2D0-216FCBC7787A}"
EndProject
Project("{9A19103F-16F7-4668-BE54-9A1E7A4F7556}") = "Mvvm3", "Mvvm3\Mvvm3\Mvvm3.csproj", "{E1165752-6881-47CB-9B5D-21A05C3990AD}"
EndProject
Project("{2150E333-8FDC-42A3-9474-1A3956D46DE8}") = "Button Command Binding", "Button Command Binding", "{EE098F40-8C99-49A6-A688-3386CF1853D6}"
EndProject
Project("{FAE04EC0-301F-11D3-BF4B-00C04F79EFBC}") = "ButtonCB.Android", "ButtonCB\ButtonCB.Android\ButtonCB.Android.csproj", "{DB5490F9-E5D6-4AF8-B26B-C3E3EFE88E8D}"
EndProject
Project("{FAE04EC0-301F-11D3-BF4B-00C04F79EFBC}") = "ButtonCB.iOS", "ButtonCB\ButtonCB.iOS\ButtonCB.iOS.csproj", "{A1E9EA61-AFF9-430B-A17E-CDF4928AE502}"
EndProject
Project("{9A19103F-16F7-4668-BE54-9A1E7A4F7556}") = "ButtonCB", "ButtonCB\ButtonCB\ButtonCB.csproj", "{8D1AF247-20CF-421B-9750-DD4E81037F85}"
EndProject
Project("{2150E333-8FDC-42A3-9474-1A3956D46DE8}") = "Video in xamarin.forms", "Video in xamarin.forms", "{80601FFE-78BB-4805-B5F8-C55A727D289E}"
EndProject
Project("{FAE04EC0-301F-11D3-BF4B-00C04F79EFBC}") = "VideoPlayer.Android", "VideoPlayer\VideoPlayer.Android\VideoPlayer.Android.csproj", "{4A0F1971-0D95-4E9F-90C2-134E154FB8B2}"
EndProject
Project("{FAE04EC0-301F-11D3-BF4B-00C04F79EFBC}") = "VideoPlayer.iOS", "VideoPlayer\VideoPlayer.iOS\VideoPlayer.iOS.csproj", "{D0EE7F14-30D7-46D2-BCF9-24E52CE06838}"
EndProject
Project("{9A19103F-16F7-4668-BE54-9A1E7A4F7556}") = "VideoPlayer", "VideoPlayer\VideoPlayer\VideoPlayer.csproj", "{C2F6FE4B-5D4E-4015-86B4-E6F66620333A}"
EndProject
Project("{2150E333-8FDC-42A3-9474-1A3956D46DE8}") = "My List View", "My List View", "{72D97CF5-6862-41D1-9B8D-9AC7317EF45C}"
EndProject
Project("{FAE04EC0-301F-11D3-BF4B-00C04F79EFBC}") = "MyNewListView.Android", "MyNewListView\MyNewListView.Android\MyNewListView.Android.csproj", "{B2C97FC9-8C1F-4C51-A93E-1C2A035DD892}"
EndProject
Project("{FAE04EC0-301F-11D3-BF4B-00C04F79EFBC}") = "MyNewListView.iOS", "MyNewListView\MyNewListView.iOS\MyNewListView.iOS.csproj", "{A0B772CA-1FDA-46D0-82EF-C220C64C0249}"
EndProject
Project("{9A19103F-16F7-4668-BE54-9A1E7A4F7556}") = "MyNewListView", "MyNewListView\MyNewListView\MyNewListView.csproj", "{CF89C178-4454-49C0-ABD3-DB3CABF98063}"
EndProject
Project("{2150E333-8FDC-42A3-9474-1A3956D46DE8}") = "List Cell Binding", "List Cell Binding", "{EEA62A40-D27B-41A3-B866-600A104390B7}"
EndProject
Project("{FAE04EC0-301F-11D3-BF4B-00C04F79EFBC}") = "ListCellBinding.Android", "ListCellBinding\ListCellBinding.Android\ListCellBinding.Android.csproj", "{1CEA1DA8-8870-4A36-ACC8-B7B634007A79}"
EndProject
Project("{FAE04EC0-301F-11D3-BF4B-00C04F79EFBC}") = "ListCellBinding.iOS", "ListCellBinding\ListCellBinding.iOS\ListCellBinding.iOS.csproj", "{47FE1956-92C6-47CB-A74E-63E6215301D6}"
EndProject
Project("{9A19103F-16F7-4668-BE54-9A1E7A4F7556}") = "ListCellBinding", "ListCellBinding\ListCellBinding\ListCellBinding.csproj", "{EFBD7181-948D-479B-8201-0765A55DB524}"
EndProject
Project("{2150E333-8FDC-42A3-9474-1A3956D46DE8}") = "List Selection", "List Selection", "{1E77CE41-BFE7-449E-8228-05ED0C0387B7}"
EndProject
Project("{FAE04EC0-301F-11D3-BF4B-00C04F79EFBC}") = "MyListSelection.Android", "MyListSelection\MyListSelection.Android\MyListSelection.Android.csproj", "{1BE53A23-6F03-4166-A112-E22F3F6B6744}"
EndProject
Project("{FAE04EC0-301F-11D3-BF4B-00C04F79EFBC}") = "MyListSelection.iOS", "MyListSelection\MyListSelection.iOS\MyListSelection.iOS.csproj", "{BF5914EF-7C57-4EEC-9830-1D621CF60BC0}"
EndProject
Project("{FAE04EC0-301F-11D3-BF4B-00C04F79EFBC}") = "MyListSelection", "MyListSelection\MyListSelection\MyListSelection.csproj", "{CB2FDD10-F04F-47FD-98F3-5A5730E17035}"
EndProject
Global
	GlobalSection(SolutionConfigurationPlatforms) = preSolution
		Ad-Hoc|Any CPU = Ad-Hoc|Any CPU
		Ad-Hoc|iPhone = Ad-Hoc|iPhone
		Ad-Hoc|iPhoneSimulator = Ad-Hoc|iPhoneSimulator
		AppStore|Any CPU = AppStore|Any CPU
		AppStore|iPhone = AppStore|iPhone
		AppStore|iPhoneSimulator = AppStore|iPhoneSimulator
		Debug|Any CPU = Debug|Any CPU
		Debug|iPhone = Debug|iPhone
		Debug|iPhoneSimulator = Debug|iPhoneSimulator
		Release|Any CPU = Release|Any CPU
		Release|iPhone = Release|iPhone
		Release|iPhoneSimulator = Release|iPhoneSimulator
	EndGlobalSection
	GlobalSection(ProjectConfigurationPlatforms) = postSolution
		{26D06CA3-2164-42B3-98B5-5FE610CB7D55}.Ad-Hoc|Any CPU.ActiveCfg = Release|Any CPU
		{26D06CA3-2164-42B3-98B5-5FE610CB7D55}.Ad-Hoc|Any CPU.Build.0 = Release|Any CPU
		{26D06CA3-2164-42B3-98B5-5FE610CB7D55}.Ad-Hoc|Any CPU.Deploy.0 = Release|Any CPU
		{26D06CA3-2164-42B3-98B5-5FE610CB7D55}.Ad-Hoc|iPhone.ActiveCfg = Release|Any CPU
		{26D06CA3-2164-42B3-98B5-5FE610CB7D55}.Ad-Hoc|iPhone.Build.0 = Release|Any CPU
		{26D06CA3-2164-42B3-98B5-5FE610CB7D55}.Ad-Hoc|iPhone.Deploy.0 = Release|Any CPU
		{26D06CA3-2164-42B3-98B5-5FE610CB7D55}.Ad-Hoc|iPhoneSimulator.ActiveCfg = Release|Any CPU
		{26D06CA3-2164-42B3-98B5-5FE610CB7D55}.Ad-Hoc|iPhoneSimulator.Build.0 = Release|Any CPU
		{26D06CA3-2164-42B3-98B5-5FE610CB7D55}.Ad-Hoc|iPhoneSimulator.Deploy.0 = Release|Any CPU
		{26D06CA3-2164-42B3-98B5-5FE610CB7D55}.AppStore|Any CPU.ActiveCfg = Release|Any CPU
		{26D06CA3-2164-42B3-98B5-5FE610CB7D55}.AppStore|Any CPU.Build.0 = Release|Any CPU
		{26D06CA3-2164-42B3-98B5-5FE610CB7D55}.AppStore|Any CPU.Deploy.0 = Release|Any CPU
		{26D06CA3-2164-42B3-98B5-5FE610CB7D55}.AppStore|iPhone.ActiveCfg = Release|Any CPU
		{26D06CA3-2164-42B3-98B5-5FE610CB7D55}.AppStore|iPhone.Build.0 = Release|Any CPU
		{26D06CA3-2164-42B3-98B5-5FE610CB7D55}.AppStore|iPhone.Deploy.0 = Release|Any CPU
		{26D06CA3-2164-42B3-98B5-5FE610CB7D55}.AppStore|iPhoneSimulator.ActiveCfg = Release|Any CPU
		{26D06CA3-2164-42B3-98B5-5FE610CB7D55}.AppStore|iPhoneSimulator.Build.0 = Release|Any CPU
		{26D06CA3-2164-42B3-98B5-5FE610CB7D55}.AppStore|iPhoneSimulator.Deploy.0 = Release|Any CPU
		{26D06CA3-2164-42B3-98B5-5FE610CB7D55}.Debug|Any CPU.ActiveCfg = Debug|Any CPU
		{26D06CA3-2164-42B3-98B5-5FE610CB7D55}.Debug|Any CPU.Build.0 = Debug|Any CPU
		{26D06CA3-2164-42B3-98B5-5FE610CB7D55}.Debug|Any CPU.Deploy.0 = Debug|Any CPU
		{26D06CA3-2164-42B3-98B5-5FE610CB7D55}.Debug|iPhone.ActiveCfg = Debug|Any CPU
		{26D06CA3-2164-42B3-98B5-5FE610CB7D55}.Debug|iPhone.Build.0 = Debug|Any CPU
		{26D06CA3-2164-42B3-98B5-5FE610CB7D55}.Debug|iPhone.Deploy.0 = Debug|Any CPU
		{26D06CA3-2164-42B3-98B5-5FE610CB7D55}.Debug|iPhoneSimulator.ActiveCfg = Debug|Any CPU
		{26D06CA3-2164-42B3-98B5-5FE610CB7D55}.Debug|iPhoneSimulator.Build.0 = Debug|Any CPU
		{26D06CA3-2164-42B3-98B5-5FE610CB7D55}.Debug|iPhoneSimulator.Deploy.0 = Debug|Any CPU
		{26D06CA3-2164-42B3-98B5-5FE610CB7D55}.Release|Any CPU.ActiveCfg = Release|Any CPU
		{26D06CA3-2164-42B3-98B5-5FE610CB7D55}.Release|Any CPU.Build.0 = Release|Any CPU
		{26D06CA3-2164-42B3-98B5-5FE610CB7D55}.Release|Any CPU.Deploy.0 = Release|Any CPU
		{26D06CA3-2164-42B3-98B5-5FE610CB7D55}.Release|iPhone.ActiveCfg = Release|Any CPU
		{26D06CA3-2164-42B3-98B5-5FE610CB7D55}.Release|iPhone.Build.0 = Release|Any CPU
		{26D06CA3-2164-42B3-98B5-5FE610CB7D55}.Release|iPhone.Deploy.0 = Release|Any CPU
		{26D06CA3-2164-42B3-98B5-5FE610CB7D55}.Release|iPhoneSimulator.ActiveCfg = Release|Any CPU
		{26D06CA3-2164-42B3-98B5-5FE610CB7D55}.Release|iPhoneSimulator.Build.0 = Release|Any CPU
		{26D06CA3-2164-42B3-98B5-5FE610CB7D55}.Release|iPhoneSimulator.Deploy.0 = Release|Any CPU
		{BB50E8E4-02AD-4B64-8B74-5583677CFECC}.Ad-Hoc|Any CPU.ActiveCfg = Ad-Hoc|iPhone
		{BB50E8E4-02AD-4B64-8B74-5583677CFECC}.Ad-Hoc|Any CPU.Build.0 = Ad-Hoc|iPhone
		{BB50E8E4-02AD-4B64-8B74-5583677CFECC}.Ad-Hoc|Any CPU.Deploy.0 = Ad-Hoc|iPhone
		{BB50E8E4-02AD-4B64-8B74-5583677CFECC}.Ad-Hoc|iPhone.ActiveCfg = Ad-Hoc|iPhone
		{BB50E8E4-02AD-4B64-8B74-5583677CFECC}.Ad-Hoc|iPhone.Build.0 = Ad-Hoc|iPhone
		{BB50E8E4-02AD-4B64-8B74-5583677CFECC}.Ad-Hoc|iPhone.Deploy.0 = Ad-Hoc|iPhone
		{BB50E8E4-02AD-4B64-8B74-5583677CFECC}.Ad-Hoc|iPhoneSimulator.ActiveCfg = Ad-Hoc|iPhoneSimulator
		{BB50E8E4-02AD-4B64-8B74-5583677CFECC}.Ad-Hoc|iPhoneSimulator.Build.0 = Ad-Hoc|iPhoneSimulator
		{BB50E8E4-02AD-4B64-8B74-5583677CFECC}.Ad-Hoc|iPhoneSimulator.Deploy.0 = Ad-Hoc|iPhoneSimulator
		{BB50E8E4-02AD-4B64-8B74-5583677CFECC}.AppStore|Any CPU.ActiveCfg = AppStore|iPhone
		{BB50E8E4-02AD-4B64-8B74-5583677CFECC}.AppStore|Any CPU.Build.0 = AppStore|iPhone
		{BB50E8E4-02AD-4B64-8B74-5583677CFECC}.AppStore|Any CPU.Deploy.0 = AppStore|iPhone
		{BB50E8E4-02AD-4B64-8B74-5583677CFECC}.AppStore|iPhone.ActiveCfg = AppStore|iPhone
		{BB50E8E4-02AD-4B64-8B74-5583677CFECC}.AppStore|iPhone.Build.0 = AppStore|iPhone
		{BB50E8E4-02AD-4B64-8B74-5583677CFECC}.AppStore|iPhone.Deploy.0 = AppStore|iPhone
		{BB50E8E4-02AD-4B64-8B74-5583677CFECC}.AppStore|iPhoneSimulator.ActiveCfg = AppStore|iPhoneSimulator
		{BB50E8E4-02AD-4B64-8B74-5583677CFECC}.AppStore|iPhoneSimulator.Build.0 = AppStore|iPhoneSimulator
		{BB50E8E4-02AD-4B64-8B74-5583677CFECC}.AppStore|iPhoneSimulator.Deploy.0 = AppStore|iPhoneSimulator
		{BB50E8E4-02AD-4B64-8B74-5583677CFECC}.Debug|Any CPU.ActiveCfg = Debug|iPhoneSimulator
		{BB50E8E4-02AD-4B64-8B74-5583677CFECC}.Debug|Any CPU.Build.0 = Debug|iPhoneSimulator
		{BB50E8E4-02AD-4B64-8B74-5583677CFECC}.Debug|Any CPU.Deploy.0 = Debug|iPhoneSimulator
		{BB50E8E4-02AD-4B64-8B74-5583677CFECC}.Debug|iPhone.ActiveCfg = Debug|iPhone
		{BB50E8E4-02AD-4B64-8B74-5583677CFECC}.Debug|iPhone.Build.0 = Debug|iPhone
		{BB50E8E4-02AD-4B64-8B74-5583677CFECC}.Debug|iPhone.Deploy.0 = Debug|iPhone
		{BB50E8E4-02AD-4B64-8B74-5583677CFECC}.Debug|iPhoneSimulator.ActiveCfg = Debug|iPhoneSimulator
		{BB50E8E4-02AD-4B64-8B74-5583677CFECC}.Debug|iPhoneSimulator.Build.0 = Debug|iPhoneSimulator
		{BB50E8E4-02AD-4B64-8B74-5583677CFECC}.Debug|iPhoneSimulator.Deploy.0 = Debug|iPhoneSimulator
		{BB50E8E4-02AD-4B64-8B74-5583677CFECC}.Release|Any CPU.ActiveCfg = Release|iPhone
		{BB50E8E4-02AD-4B64-8B74-5583677CFECC}.Release|Any CPU.Build.0 = Release|iPhone
		{BB50E8E4-02AD-4B64-8B74-5583677CFECC}.Release|Any CPU.Deploy.0 = Release|iPhone
		{BB50E8E4-02AD-4B64-8B74-5583677CFECC}.Release|iPhone.ActiveCfg = Release|iPhone
		{BB50E8E4-02AD-4B64-8B74-5583677CFECC}.Release|iPhone.Build.0 = Release|iPhone
		{BB50E8E4-02AD-4B64-8B74-5583677CFECC}.Release|iPhone.Deploy.0 = Release|iPhone
		{BB50E8E4-02AD-4B64-8B74-5583677CFECC}.Release|iPhoneSimulator.ActiveCfg = Release|iPhoneSimulator
		{BB50E8E4-02AD-4B64-8B74-5583677CFECC}.Release|iPhoneSimulator.Build.0 = Release|iPhoneSimulator
		{BB50E8E4-02AD-4B64-8B74-5583677CFECC}.Release|iPhoneSimulator.Deploy.0 = Release|iPhoneSimulator
		{B2F0C0AC-C340-4B16-AFBF-83C4F2CBA2BE}.Ad-Hoc|Any CPU.ActiveCfg = Debug|Any CPU
		{B2F0C0AC-C340-4B16-AFBF-83C4F2CBA2BE}.Ad-Hoc|Any CPU.Build.0 = Debug|Any CPU
		{B2F0C0AC-C340-4B16-AFBF-83C4F2CBA2BE}.Ad-Hoc|Any CPU.Deploy.0 = Debug|Any CPU
		{B2F0C0AC-C340-4B16-AFBF-83C4F2CBA2BE}.Ad-Hoc|iPhone.ActiveCfg = Debug|Any CPU
		{B2F0C0AC-C340-4B16-AFBF-83C4F2CBA2BE}.Ad-Hoc|iPhone.Build.0 = Debug|Any CPU
		{B2F0C0AC-C340-4B16-AFBF-83C4F2CBA2BE}.Ad-Hoc|iPhone.Deploy.0 = Debug|Any CPU
		{B2F0C0AC-C340-4B16-AFBF-83C4F2CBA2BE}.Ad-Hoc|iPhoneSimulator.ActiveCfg = Debug|Any CPU
		{B2F0C0AC-C340-4B16-AFBF-83C4F2CBA2BE}.Ad-Hoc|iPhoneSimulator.Build.0 = Debug|Any CPU
		{B2F0C0AC-C340-4B16-AFBF-83C4F2CBA2BE}.Ad-Hoc|iPhoneSimulator.Deploy.0 = Debug|Any CPU
		{B2F0C0AC-C340-4B16-AFBF-83C4F2CBA2BE}.AppStore|Any CPU.ActiveCfg = Debug|Any CPU
		{B2F0C0AC-C340-4B16-AFBF-83C4F2CBA2BE}.AppStore|Any CPU.Build.0 = Debug|Any CPU
		{B2F0C0AC-C340-4B16-AFBF-83C4F2CBA2BE}.AppStore|Any CPU.Deploy.0 = Debug|Any CPU
		{B2F0C0AC-C340-4B16-AFBF-83C4F2CBA2BE}.AppStore|iPhone.ActiveCfg = Debug|Any CPU
		{B2F0C0AC-C340-4B16-AFBF-83C4F2CBA2BE}.AppStore|iPhone.Build.0 = Debug|Any CPU
		{B2F0C0AC-C340-4B16-AFBF-83C4F2CBA2BE}.AppStore|iPhone.Deploy.0 = Debug|Any CPU
		{B2F0C0AC-C340-4B16-AFBF-83C4F2CBA2BE}.AppStore|iPhoneSimulator.ActiveCfg = Debug|Any CPU
		{B2F0C0AC-C340-4B16-AFBF-83C4F2CBA2BE}.AppStore|iPhoneSimulator.Build.0 = Debug|Any CPU
		{B2F0C0AC-C340-4B16-AFBF-83C4F2CBA2BE}.AppStore|iPhoneSimulator.Deploy.0 = Debug|Any CPU
		{B2F0C0AC-C340-4B16-AFBF-83C4F2CBA2BE}.Debug|Any CPU.ActiveCfg = Debug|Any CPU
		{B2F0C0AC-C340-4B16-AFBF-83C4F2CBA2BE}.Debug|Any CPU.Build.0 = Debug|Any CPU
		{B2F0C0AC-C340-4B16-AFBF-83C4F2CBA2BE}.Debug|Any CPU.Deploy.0 = Debug|Any CPU
		{B2F0C0AC-C340-4B16-AFBF-83C4F2CBA2BE}.Debug|iPhone.ActiveCfg = Debug|Any CPU
		{B2F0C0AC-C340-4B16-AFBF-83C4F2CBA2BE}.Debug|iPhone.Build.0 = Debug|Any CPU
		{B2F0C0AC-C340-4B16-AFBF-83C4F2CBA2BE}.Debug|iPhone.Deploy.0 = Debug|Any CPU
		{B2F0C0AC-C340-4B16-AFBF-83C4F2CBA2BE}.Debug|iPhoneSimulator.ActiveCfg = Debug|Any CPU
		{B2F0C0AC-C340-4B16-AFBF-83C4F2CBA2BE}.Debug|iPhoneSimulator.Build.0 = Debug|Any CPU
		{B2F0C0AC-C340-4B16-AFBF-83C4F2CBA2BE}.Debug|iPhoneSimulator.Deploy.0 = Debug|Any CPU
		{B2F0C0AC-C340-4B16-AFBF-83C4F2CBA2BE}.Release|Any CPU.ActiveCfg = Release|Any CPU
		{B2F0C0AC-C340-4B16-AFBF-83C4F2CBA2BE}.Release|Any CPU.Build.0 = Release|Any CPU
		{B2F0C0AC-C340-4B16-AFBF-83C4F2CBA2BE}.Release|Any CPU.Deploy.0 = Release|Any CPU
		{B2F0C0AC-C340-4B16-AFBF-83C4F2CBA2BE}.Release|iPhone.ActiveCfg = Release|Any CPU
		{B2F0C0AC-C340-4B16-AFBF-83C4F2CBA2BE}.Release|iPhone.Build.0 = Release|Any CPU
		{B2F0C0AC-C340-4B16-AFBF-83C4F2CBA2BE}.Release|iPhone.Deploy.0 = Release|Any CPU
		{B2F0C0AC-C340-4B16-AFBF-83C4F2CBA2BE}.Release|iPhoneSimulator.ActiveCfg = Release|Any CPU
		{B2F0C0AC-C340-4B16-AFBF-83C4F2CBA2BE}.Release|iPhoneSimulator.Build.0 = Release|Any CPU
		{B2F0C0AC-C340-4B16-AFBF-83C4F2CBA2BE}.Release|iPhoneSimulator.Deploy.0 = Release|Any CPU
		{F7BF62EF-21B0-435F-8C28-8E64F9A63E4E}.Ad-Hoc|Any CPU.ActiveCfg = Release|Any CPU
		{F7BF62EF-21B0-435F-8C28-8E64F9A63E4E}.Ad-Hoc|Any CPU.Build.0 = Release|Any CPU
		{F7BF62EF-21B0-435F-8C28-8E64F9A63E4E}.Ad-Hoc|Any CPU.Deploy.0 = Release|Any CPU
		{F7BF62EF-21B0-435F-8C28-8E64F9A63E4E}.Ad-Hoc|iPhone.ActiveCfg = Release|Any CPU
		{F7BF62EF-21B0-435F-8C28-8E64F9A63E4E}.Ad-Hoc|iPhone.Build.0 = Release|Any CPU
		{F7BF62EF-21B0-435F-8C28-8E64F9A63E4E}.Ad-Hoc|iPhone.Deploy.0 = Release|Any CPU
		{F7BF62EF-21B0-435F-8C28-8E64F9A63E4E}.Ad-Hoc|iPhoneSimulator.ActiveCfg = Release|Any CPU
		{F7BF62EF-21B0-435F-8C28-8E64F9A63E4E}.Ad-Hoc|iPhoneSimulator.Build.0 = Release|Any CPU
		{F7BF62EF-21B0-435F-8C28-8E64F9A63E4E}.Ad-Hoc|iPhoneSimulator.Deploy.0 = Release|Any CPU
		{F7BF62EF-21B0-435F-8C28-8E64F9A63E4E}.AppStore|Any CPU.ActiveCfg = Release|Any CPU
		{F7BF62EF-21B0-435F-8C28-8E64F9A63E4E}.AppStore|Any CPU.Build.0 = Release|Any CPU
		{F7BF62EF-21B0-435F-8C28-8E64F9A63E4E}.AppStore|Any CPU.Deploy.0 = Release|Any CPU
		{F7BF62EF-21B0-435F-8C28-8E64F9A63E4E}.AppStore|iPhone.ActiveCfg = Release|Any CPU
		{F7BF62EF-21B0-435F-8C28-8E64F9A63E4E}.AppStore|iPhone.Build.0 = Release|Any CPU
		{F7BF62EF-21B0-435F-8C28-8E64F9A63E4E}.AppStore|iPhone.Deploy.0 = Release|Any CPU
		{F7BF62EF-21B0-435F-8C28-8E64F9A63E4E}.AppStore|iPhoneSimulator.ActiveCfg = Release|Any CPU
		{F7BF62EF-21B0-435F-8C28-8E64F9A63E4E}.AppStore|iPhoneSimulator.Build.0 = Release|Any CPU
		{F7BF62EF-21B0-435F-8C28-8E64F9A63E4E}.AppStore|iPhoneSimulator.Deploy.0 = Release|Any CPU
		{F7BF62EF-21B0-435F-8C28-8E64F9A63E4E}.Debug|Any CPU.ActiveCfg = Debug|Any CPU
		{F7BF62EF-21B0-435F-8C28-8E64F9A63E4E}.Debug|Any CPU.Build.0 = Debug|Any CPU
		{F7BF62EF-21B0-435F-8C28-8E64F9A63E4E}.Debug|Any CPU.Deploy.0 = Debug|Any CPU
		{F7BF62EF-21B0-435F-8C28-8E64F9A63E4E}.Debug|iPhone.ActiveCfg = Debug|Any CPU
		{F7BF62EF-21B0-435F-8C28-8E64F9A63E4E}.Debug|iPhone.Build.0 = Debug|Any CPU
		{F7BF62EF-21B0-435F-8C28-8E64F9A63E4E}.Debug|iPhone.Deploy.0 = Debug|Any CPU
		{F7BF62EF-21B0-435F-8C28-8E64F9A63E4E}.Debug|iPhoneSimulator.ActiveCfg = Debug|Any CPU
		{F7BF62EF-21B0-435F-8C28-8E64F9A63E4E}.Debug|iPhoneSimulator.Build.0 = Debug|Any CPU
		{F7BF62EF-21B0-435F-8C28-8E64F9A63E4E}.Debug|iPhoneSimulator.Deploy.0 = Debug|Any CPU
		{F7BF62EF-21B0-435F-8C28-8E64F9A63E4E}.Release|Any CPU.ActiveCfg = Release|Any CPU
		{F7BF62EF-21B0-435F-8C28-8E64F9A63E4E}.Release|Any CPU.Build.0 = Release|Any CPU
		{F7BF62EF-21B0-435F-8C28-8E64F9A63E4E}.Release|Any CPU.Deploy.0 = Release|Any CPU
		{F7BF62EF-21B0-435F-8C28-8E64F9A63E4E}.Release|iPhone.ActiveCfg = Release|Any CPU
		{F7BF62EF-21B0-435F-8C28-8E64F9A63E4E}.Release|iPhone.Build.0 = Release|Any CPU
		{F7BF62EF-21B0-435F-8C28-8E64F9A63E4E}.Release|iPhone.Deploy.0 = Release|Any CPU
		{F7BF62EF-21B0-435F-8C28-8E64F9A63E4E}.Release|iPhoneSimulator.ActiveCfg = Release|Any CPU
		{F7BF62EF-21B0-435F-8C28-8E64F9A63E4E}.Release|iPhoneSimulator.Build.0 = Release|Any CPU
		{F7BF62EF-21B0-435F-8C28-8E64F9A63E4E}.Release|iPhoneSimulator.Deploy.0 = Release|Any CPU
		{EBFD8D00-8FFB-4F23-8FD9-2F25D47238FE}.Ad-Hoc|Any CPU.ActiveCfg = Ad-Hoc|iPhone
		{EBFD8D00-8FFB-4F23-8FD9-2F25D47238FE}.Ad-Hoc|iPhone.ActiveCfg = Ad-Hoc|iPhone
		{EBFD8D00-8FFB-4F23-8FD9-2F25D47238FE}.Ad-Hoc|iPhone.Build.0 = Ad-Hoc|iPhone
		{EBFD8D00-8FFB-4F23-8FD9-2F25D47238FE}.Ad-Hoc|iPhoneSimulator.ActiveCfg = Ad-Hoc|iPhoneSimulator
		{EBFD8D00-8FFB-4F23-8FD9-2F25D47238FE}.Ad-Hoc|iPhoneSimulator.Build.0 = Ad-Hoc|iPhoneSimulator
		{EBFD8D00-8FFB-4F23-8FD9-2F25D47238FE}.AppStore|Any CPU.ActiveCfg = AppStore|iPhone
		{EBFD8D00-8FFB-4F23-8FD9-2F25D47238FE}.AppStore|iPhone.ActiveCfg = AppStore|iPhone
		{EBFD8D00-8FFB-4F23-8FD9-2F25D47238FE}.AppStore|iPhone.Build.0 = AppStore|iPhone
		{EBFD8D00-8FFB-4F23-8FD9-2F25D47238FE}.AppStore|iPhoneSimulator.ActiveCfg = AppStore|iPhoneSimulator
		{EBFD8D00-8FFB-4F23-8FD9-2F25D47238FE}.AppStore|iPhoneSimulator.Build.0 = AppStore|iPhoneSimulator
		{EBFD8D00-8FFB-4F23-8FD9-2F25D47238FE}.Debug|Any CPU.ActiveCfg = Debug|iPhone
		{EBFD8D00-8FFB-4F23-8FD9-2F25D47238FE}.Debug|iPhone.ActiveCfg = Debug|iPhone
		{EBFD8D00-8FFB-4F23-8FD9-2F25D47238FE}.Debug|iPhone.Build.0 = Debug|iPhone
		{EBFD8D00-8FFB-4F23-8FD9-2F25D47238FE}.Debug|iPhoneSimulator.ActiveCfg = Debug|iPhoneSimulator
		{EBFD8D00-8FFB-4F23-8FD9-2F25D47238FE}.Debug|iPhoneSimulator.Build.0 = Debug|iPhoneSimulator
		{EBFD8D00-8FFB-4F23-8FD9-2F25D47238FE}.Release|Any CPU.ActiveCfg = Release|iPhone
		{EBFD8D00-8FFB-4F23-8FD9-2F25D47238FE}.Release|iPhone.ActiveCfg = Release|iPhone
		{EBFD8D00-8FFB-4F23-8FD9-2F25D47238FE}.Release|iPhone.Build.0 = Release|iPhone
		{EBFD8D00-8FFB-4F23-8FD9-2F25D47238FE}.Release|iPhoneSimulator.ActiveCfg = Release|iPhoneSimulator
		{EBFD8D00-8FFB-4F23-8FD9-2F25D47238FE}.Release|iPhoneSimulator.Build.0 = Release|iPhoneSimulator
		{F799EBA2-634B-4B1E-B2C0-9106C166AC4F}.Ad-Hoc|Any CPU.ActiveCfg = Debug|Any CPU
		{F799EBA2-634B-4B1E-B2C0-9106C166AC4F}.Ad-Hoc|Any CPU.Build.0 = Debug|Any CPU
		{F799EBA2-634B-4B1E-B2C0-9106C166AC4F}.Ad-Hoc|iPhone.ActiveCfg = Debug|Any CPU
		{F799EBA2-634B-4B1E-B2C0-9106C166AC4F}.Ad-Hoc|iPhone.Build.0 = Debug|Any CPU
		{F799EBA2-634B-4B1E-B2C0-9106C166AC4F}.Ad-Hoc|iPhoneSimulator.ActiveCfg = Debug|Any CPU
		{F799EBA2-634B-4B1E-B2C0-9106C166AC4F}.Ad-Hoc|iPhoneSimulator.Build.0 = Debug|Any CPU
		{F799EBA2-634B-4B1E-B2C0-9106C166AC4F}.AppStore|Any CPU.ActiveCfg = Debug|Any CPU
		{F799EBA2-634B-4B1E-B2C0-9106C166AC4F}.AppStore|Any CPU.Build.0 = Debug|Any CPU
		{F799EBA2-634B-4B1E-B2C0-9106C166AC4F}.AppStore|iPhone.ActiveCfg = Debug|Any CPU
		{F799EBA2-634B-4B1E-B2C0-9106C166AC4F}.AppStore|iPhone.Build.0 = Debug|Any CPU
		{F799EBA2-634B-4B1E-B2C0-9106C166AC4F}.AppStore|iPhoneSimulator.ActiveCfg = Debug|Any CPU
		{F799EBA2-634B-4B1E-B2C0-9106C166AC4F}.AppStore|iPhoneSimulator.Build.0 = Debug|Any CPU
		{F799EBA2-634B-4B1E-B2C0-9106C166AC4F}.Debug|Any CPU.ActiveCfg = Debug|Any CPU
		{F799EBA2-634B-4B1E-B2C0-9106C166AC4F}.Debug|Any CPU.Build.0 = Debug|Any CPU
		{F799EBA2-634B-4B1E-B2C0-9106C166AC4F}.Debug|iPhone.ActiveCfg = Debug|Any CPU
		{F799EBA2-634B-4B1E-B2C0-9106C166AC4F}.Debug|iPhone.Build.0 = Debug|Any CPU
		{F799EBA2-634B-4B1E-B2C0-9106C166AC4F}.Debug|iPhoneSimulator.ActiveCfg = Debug|Any CPU
		{F799EBA2-634B-4B1E-B2C0-9106C166AC4F}.Debug|iPhoneSimulator.Build.0 = Debug|Any CPU
		{F799EBA2-634B-4B1E-B2C0-9106C166AC4F}.Release|Any CPU.ActiveCfg = Release|Any CPU
		{F799EBA2-634B-4B1E-B2C0-9106C166AC4F}.Release|Any CPU.Build.0 = Release|Any CPU
		{F799EBA2-634B-4B1E-B2C0-9106C166AC4F}.Release|iPhone.ActiveCfg = Release|Any CPU
		{F799EBA2-634B-4B1E-B2C0-9106C166AC4F}.Release|iPhone.Build.0 = Release|Any CPU
		{F799EBA2-634B-4B1E-B2C0-9106C166AC4F}.Release|iPhoneSimulator.ActiveCfg = Release|Any CPU
		{F799EBA2-634B-4B1E-B2C0-9106C166AC4F}.Release|iPhoneSimulator.Build.0 = Release|Any CPU
		{9A31F1F3-3DC0-420F-83E0-302367BC6175}.Ad-Hoc|Any CPU.ActiveCfg = Release|Any CPU
		{9A31F1F3-3DC0-420F-83E0-302367BC6175}.Ad-Hoc|Any CPU.Build.0 = Release|Any CPU
		{9A31F1F3-3DC0-420F-83E0-302367BC6175}.Ad-Hoc|Any CPU.Deploy.0 = Release|Any CPU
		{9A31F1F3-3DC0-420F-83E0-302367BC6175}.Ad-Hoc|iPhone.ActiveCfg = Release|Any CPU
		{9A31F1F3-3DC0-420F-83E0-302367BC6175}.Ad-Hoc|iPhone.Build.0 = Release|Any CPU
		{9A31F1F3-3DC0-420F-83E0-302367BC6175}.Ad-Hoc|iPhone.Deploy.0 = Release|Any CPU
		{9A31F1F3-3DC0-420F-83E0-302367BC6175}.Ad-Hoc|iPhoneSimulator.ActiveCfg = Release|Any CPU
		{9A31F1F3-3DC0-420F-83E0-302367BC6175}.Ad-Hoc|iPhoneSimulator.Build.0 = Release|Any CPU
		{9A31F1F3-3DC0-420F-83E0-302367BC6175}.Ad-Hoc|iPhoneSimulator.Deploy.0 = Release|Any CPU
		{9A31F1F3-3DC0-420F-83E0-302367BC6175}.AppStore|Any CPU.ActiveCfg = Release|Any CPU
		{9A31F1F3-3DC0-420F-83E0-302367BC6175}.AppStore|Any CPU.Build.0 = Release|Any CPU
		{9A31F1F3-3DC0-420F-83E0-302367BC6175}.AppStore|Any CPU.Deploy.0 = Release|Any CPU
		{9A31F1F3-3DC0-420F-83E0-302367BC6175}.AppStore|iPhone.ActiveCfg = Release|Any CPU
		{9A31F1F3-3DC0-420F-83E0-302367BC6175}.AppStore|iPhone.Build.0 = Release|Any CPU
		{9A31F1F3-3DC0-420F-83E0-302367BC6175}.AppStore|iPhone.Deploy.0 = Release|Any CPU
		{9A31F1F3-3DC0-420F-83E0-302367BC6175}.AppStore|iPhoneSimulator.ActiveCfg = Release|Any CPU
		{9A31F1F3-3DC0-420F-83E0-302367BC6175}.AppStore|iPhoneSimulator.Build.0 = Release|Any CPU
		{9A31F1F3-3DC0-420F-83E0-302367BC6175}.AppStore|iPhoneSimulator.Deploy.0 = Release|Any CPU
		{9A31F1F3-3DC0-420F-83E0-302367BC6175}.Debug|Any CPU.ActiveCfg = Debug|Any CPU
		{9A31F1F3-3DC0-420F-83E0-302367BC6175}.Debug|Any CPU.Build.0 = Debug|Any CPU
		{9A31F1F3-3DC0-420F-83E0-302367BC6175}.Debug|Any CPU.Deploy.0 = Debug|Any CPU
		{9A31F1F3-3DC0-420F-83E0-302367BC6175}.Debug|iPhone.ActiveCfg = Debug|Any CPU
		{9A31F1F3-3DC0-420F-83E0-302367BC6175}.Debug|iPhone.Build.0 = Debug|Any CPU
		{9A31F1F3-3DC0-420F-83E0-302367BC6175}.Debug|iPhone.Deploy.0 = Debug|Any CPU
		{9A31F1F3-3DC0-420F-83E0-302367BC6175}.Debug|iPhoneSimulator.ActiveCfg = Debug|Any CPU
		{9A31F1F3-3DC0-420F-83E0-302367BC6175}.Debug|iPhoneSimulator.Build.0 = Debug|Any CPU
		{9A31F1F3-3DC0-420F-83E0-302367BC6175}.Debug|iPhoneSimulator.Deploy.0 = Debug|Any CPU
		{9A31F1F3-3DC0-420F-83E0-302367BC6175}.Release|Any CPU.ActiveCfg = Release|Any CPU
		{9A31F1F3-3DC0-420F-83E0-302367BC6175}.Release|Any CPU.Build.0 = Release|Any CPU
		{9A31F1F3-3DC0-420F-83E0-302367BC6175}.Release|Any CPU.Deploy.0 = Release|Any CPU
		{9A31F1F3-3DC0-420F-83E0-302367BC6175}.Release|iPhone.ActiveCfg = Release|Any CPU
		{9A31F1F3-3DC0-420F-83E0-302367BC6175}.Release|iPhone.Build.0 = Release|Any CPU
		{9A31F1F3-3DC0-420F-83E0-302367BC6175}.Release|iPhone.Deploy.0 = Release|Any CPU
		{9A31F1F3-3DC0-420F-83E0-302367BC6175}.Release|iPhoneSimulator.ActiveCfg = Release|Any CPU
		{9A31F1F3-3DC0-420F-83E0-302367BC6175}.Release|iPhoneSimulator.Build.0 = Release|Any CPU
		{9A31F1F3-3DC0-420F-83E0-302367BC6175}.Release|iPhoneSimulator.Deploy.0 = Release|Any CPU
		{5259E0FF-2936-4B52-B274-662F72C37B00}.Ad-Hoc|Any CPU.ActiveCfg = Ad-Hoc|iPhone
		{5259E0FF-2936-4B52-B274-662F72C37B00}.Ad-Hoc|iPhone.ActiveCfg = Ad-Hoc|iPhone
		{5259E0FF-2936-4B52-B274-662F72C37B00}.Ad-Hoc|iPhone.Build.0 = Ad-Hoc|iPhone
		{5259E0FF-2936-4B52-B274-662F72C37B00}.Ad-Hoc|iPhoneSimulator.ActiveCfg = Ad-Hoc|iPhoneSimulator
		{5259E0FF-2936-4B52-B274-662F72C37B00}.Ad-Hoc|iPhoneSimulator.Build.0 = Ad-Hoc|iPhoneSimulator
		{5259E0FF-2936-4B52-B274-662F72C37B00}.AppStore|Any CPU.ActiveCfg = AppStore|iPhone
		{5259E0FF-2936-4B52-B274-662F72C37B00}.AppStore|iPhone.ActiveCfg = AppStore|iPhone
		{5259E0FF-2936-4B52-B274-662F72C37B00}.AppStore|iPhone.Build.0 = AppStore|iPhone
		{5259E0FF-2936-4B52-B274-662F72C37B00}.AppStore|iPhoneSimulator.ActiveCfg = AppStore|iPhoneSimulator
		{5259E0FF-2936-4B52-B274-662F72C37B00}.AppStore|iPhoneSimulator.Build.0 = AppStore|iPhoneSimulator
		{5259E0FF-2936-4B52-B274-662F72C37B00}.Debug|Any CPU.ActiveCfg = Debug|iPhone
		{5259E0FF-2936-4B52-B274-662F72C37B00}.Debug|iPhone.ActiveCfg = Debug|iPhone
		{5259E0FF-2936-4B52-B274-662F72C37B00}.Debug|iPhone.Build.0 = Debug|iPhone
		{5259E0FF-2936-4B52-B274-662F72C37B00}.Debug|iPhoneSimulator.ActiveCfg = Debug|iPhoneSimulator
		{5259E0FF-2936-4B52-B274-662F72C37B00}.Debug|iPhoneSimulator.Build.0 = Debug|iPhoneSimulator
		{5259E0FF-2936-4B52-B274-662F72C37B00}.Release|Any CPU.ActiveCfg = Release|iPhone
		{5259E0FF-2936-4B52-B274-662F72C37B00}.Release|iPhone.ActiveCfg = Release|iPhone
		{5259E0FF-2936-4B52-B274-662F72C37B00}.Release|iPhone.Build.0 = Release|iPhone
		{5259E0FF-2936-4B52-B274-662F72C37B00}.Release|iPhoneSimulator.ActiveCfg = Release|iPhoneSimulator
		{5259E0FF-2936-4B52-B274-662F72C37B00}.Release|iPhoneSimulator.Build.0 = Release|iPhoneSimulator
		{BDE97A43-0BF6-4127-A28E-127735F7D783}.Ad-Hoc|Any CPU.ActiveCfg = Debug|Any CPU
		{BDE97A43-0BF6-4127-A28E-127735F7D783}.Ad-Hoc|Any CPU.Build.0 = Debug|Any CPU
		{BDE97A43-0BF6-4127-A28E-127735F7D783}.Ad-Hoc|iPhone.ActiveCfg = Debug|Any CPU
		{BDE97A43-0BF6-4127-A28E-127735F7D783}.Ad-Hoc|iPhone.Build.0 = Debug|Any CPU
		{BDE97A43-0BF6-4127-A28E-127735F7D783}.Ad-Hoc|iPhoneSimulator.ActiveCfg = Debug|Any CPU
		{BDE97A43-0BF6-4127-A28E-127735F7D783}.Ad-Hoc|iPhoneSimulator.Build.0 = Debug|Any CPU
		{BDE97A43-0BF6-4127-A28E-127735F7D783}.AppStore|Any CPU.ActiveCfg = Debug|Any CPU
		{BDE97A43-0BF6-4127-A28E-127735F7D783}.AppStore|Any CPU.Build.0 = Debug|Any CPU
		{BDE97A43-0BF6-4127-A28E-127735F7D783}.AppStore|iPhone.ActiveCfg = Debug|Any CPU
		{BDE97A43-0BF6-4127-A28E-127735F7D783}.AppStore|iPhone.Build.0 = Debug|Any CPU
		{BDE97A43-0BF6-4127-A28E-127735F7D783}.AppStore|iPhoneSimulator.ActiveCfg = Debug|Any CPU
		{BDE97A43-0BF6-4127-A28E-127735F7D783}.AppStore|iPhoneSimulator.Build.0 = Debug|Any CPU
		{BDE97A43-0BF6-4127-A28E-127735F7D783}.Debug|Any CPU.ActiveCfg = Debug|Any CPU
		{BDE97A43-0BF6-4127-A28E-127735F7D783}.Debug|Any CPU.Build.0 = Debug|Any CPU
		{BDE97A43-0BF6-4127-A28E-127735F7D783}.Debug|iPhone.ActiveCfg = Debug|Any CPU
		{BDE97A43-0BF6-4127-A28E-127735F7D783}.Debug|iPhone.Build.0 = Debug|Any CPU
		{BDE97A43-0BF6-4127-A28E-127735F7D783}.Debug|iPhoneSimulator.ActiveCfg = Debug|Any CPU
		{BDE97A43-0BF6-4127-A28E-127735F7D783}.Debug|iPhoneSimulator.Build.0 = Debug|Any CPU
		{BDE97A43-0BF6-4127-A28E-127735F7D783}.Release|Any CPU.ActiveCfg = Release|Any CPU
		{BDE97A43-0BF6-4127-A28E-127735F7D783}.Release|Any CPU.Build.0 = Release|Any CPU
		{BDE97A43-0BF6-4127-A28E-127735F7D783}.Release|iPhone.ActiveCfg = Release|Any CPU
		{BDE97A43-0BF6-4127-A28E-127735F7D783}.Release|iPhone.Build.0 = Release|Any CPU
		{BDE97A43-0BF6-4127-A28E-127735F7D783}.Release|iPhoneSimulator.ActiveCfg = Release|Any CPU
		{BDE97A43-0BF6-4127-A28E-127735F7D783}.Release|iPhoneSimulator.Build.0 = Release|Any CPU
		{92402005-FA69-4E7E-A206-C6C58B726249}.Ad-Hoc|Any CPU.ActiveCfg = Release|Any CPU
		{92402005-FA69-4E7E-A206-C6C58B726249}.Ad-Hoc|Any CPU.Build.0 = Release|Any CPU
		{92402005-FA69-4E7E-A206-C6C58B726249}.Ad-Hoc|Any CPU.Deploy.0 = Release|Any CPU
		{92402005-FA69-4E7E-A206-C6C58B726249}.Ad-Hoc|iPhone.ActiveCfg = Release|Any CPU
		{92402005-FA69-4E7E-A206-C6C58B726249}.Ad-Hoc|iPhone.Build.0 = Release|Any CPU
		{92402005-FA69-4E7E-A206-C6C58B726249}.Ad-Hoc|iPhone.Deploy.0 = Release|Any CPU
		{92402005-FA69-4E7E-A206-C6C58B726249}.Ad-Hoc|iPhoneSimulator.ActiveCfg = Release|Any CPU
		{92402005-FA69-4E7E-A206-C6C58B726249}.Ad-Hoc|iPhoneSimulator.Build.0 = Release|Any CPU
		{92402005-FA69-4E7E-A206-C6C58B726249}.Ad-Hoc|iPhoneSimulator.Deploy.0 = Release|Any CPU
		{92402005-FA69-4E7E-A206-C6C58B726249}.AppStore|Any CPU.ActiveCfg = Release|Any CPU
		{92402005-FA69-4E7E-A206-C6C58B726249}.AppStore|Any CPU.Build.0 = Release|Any CPU
		{92402005-FA69-4E7E-A206-C6C58B726249}.AppStore|Any CPU.Deploy.0 = Release|Any CPU
		{92402005-FA69-4E7E-A206-C6C58B726249}.AppStore|iPhone.ActiveCfg = Release|Any CPU
		{92402005-FA69-4E7E-A206-C6C58B726249}.AppStore|iPhone.Build.0 = Release|Any CPU
		{92402005-FA69-4E7E-A206-C6C58B726249}.AppStore|iPhone.Deploy.0 = Release|Any CPU
		{92402005-FA69-4E7E-A206-C6C58B726249}.AppStore|iPhoneSimulator.ActiveCfg = Release|Any CPU
		{92402005-FA69-4E7E-A206-C6C58B726249}.AppStore|iPhoneSimulator.Build.0 = Release|Any CPU
		{92402005-FA69-4E7E-A206-C6C58B726249}.AppStore|iPhoneSimulator.Deploy.0 = Release|Any CPU
		{92402005-FA69-4E7E-A206-C6C58B726249}.Debug|Any CPU.ActiveCfg = Debug|Any CPU
		{92402005-FA69-4E7E-A206-C6C58B726249}.Debug|Any CPU.Build.0 = Debug|Any CPU
		{92402005-FA69-4E7E-A206-C6C58B726249}.Debug|Any CPU.Deploy.0 = Debug|Any CPU
		{92402005-FA69-4E7E-A206-C6C58B726249}.Debug|iPhone.ActiveCfg = Debug|Any CPU
		{92402005-FA69-4E7E-A206-C6C58B726249}.Debug|iPhone.Build.0 = Debug|Any CPU
		{92402005-FA69-4E7E-A206-C6C58B726249}.Debug|iPhone.Deploy.0 = Debug|Any CPU
		{92402005-FA69-4E7E-A206-C6C58B726249}.Debug|iPhoneSimulator.ActiveCfg = Debug|Any CPU
		{92402005-FA69-4E7E-A206-C6C58B726249}.Debug|iPhoneSimulator.Build.0 = Debug|Any CPU
		{92402005-FA69-4E7E-A206-C6C58B726249}.Debug|iPhoneSimulator.Deploy.0 = Debug|Any CPU
		{92402005-FA69-4E7E-A206-C6C58B726249}.Release|Any CPU.ActiveCfg = Release|Any CPU
		{92402005-FA69-4E7E-A206-C6C58B726249}.Release|Any CPU.Build.0 = Release|Any CPU
		{92402005-FA69-4E7E-A206-C6C58B726249}.Release|Any CPU.Deploy.0 = Release|Any CPU
		{92402005-FA69-4E7E-A206-C6C58B726249}.Release|iPhone.ActiveCfg = Release|Any CPU
		{92402005-FA69-4E7E-A206-C6C58B726249}.Release|iPhone.Build.0 = Release|Any CPU
		{92402005-FA69-4E7E-A206-C6C58B726249}.Release|iPhone.Deploy.0 = Release|Any CPU
		{92402005-FA69-4E7E-A206-C6C58B726249}.Release|iPhoneSimulator.ActiveCfg = Release|Any CPU
		{92402005-FA69-4E7E-A206-C6C58B726249}.Release|iPhoneSimulator.Build.0 = Release|Any CPU
		{92402005-FA69-4E7E-A206-C6C58B726249}.Release|iPhoneSimulator.Deploy.0 = Release|Any CPU
		{854BAEEC-FF2F-4A8C-8EE9-1FC28265BF45}.Ad-Hoc|Any CPU.ActiveCfg = Ad-Hoc|iPhone
		{854BAEEC-FF2F-4A8C-8EE9-1FC28265BF45}.Ad-Hoc|iPhone.ActiveCfg = Ad-Hoc|iPhone
		{854BAEEC-FF2F-4A8C-8EE9-1FC28265BF45}.Ad-Hoc|iPhone.Build.0 = Ad-Hoc|iPhone
		{854BAEEC-FF2F-4A8C-8EE9-1FC28265BF45}.Ad-Hoc|iPhoneSimulator.ActiveCfg = Ad-Hoc|iPhoneSimulator
		{854BAEEC-FF2F-4A8C-8EE9-1FC28265BF45}.Ad-Hoc|iPhoneSimulator.Build.0 = Ad-Hoc|iPhoneSimulator
		{854BAEEC-FF2F-4A8C-8EE9-1FC28265BF45}.AppStore|Any CPU.ActiveCfg = AppStore|iPhone
		{854BAEEC-FF2F-4A8C-8EE9-1FC28265BF45}.AppStore|iPhone.ActiveCfg = AppStore|iPhone
		{854BAEEC-FF2F-4A8C-8EE9-1FC28265BF45}.AppStore|iPhone.Build.0 = AppStore|iPhone
		{854BAEEC-FF2F-4A8C-8EE9-1FC28265BF45}.AppStore|iPhoneSimulator.ActiveCfg = AppStore|iPhoneSimulator
		{854BAEEC-FF2F-4A8C-8EE9-1FC28265BF45}.AppStore|iPhoneSimulator.Build.0 = AppStore|iPhoneSimulator
		{854BAEEC-FF2F-4A8C-8EE9-1FC28265BF45}.Debug|Any CPU.ActiveCfg = Debug|iPhone
		{854BAEEC-FF2F-4A8C-8EE9-1FC28265BF45}.Debug|iPhone.ActiveCfg = Debug|iPhone
		{854BAEEC-FF2F-4A8C-8EE9-1FC28265BF45}.Debug|iPhone.Build.0 = Debug|iPhone
		{854BAEEC-FF2F-4A8C-8EE9-1FC28265BF45}.Debug|iPhoneSimulator.ActiveCfg = Debug|iPhoneSimulator
		{854BAEEC-FF2F-4A8C-8EE9-1FC28265BF45}.Debug|iPhoneSimulator.Build.0 = Debug|iPhoneSimulator
		{854BAEEC-FF2F-4A8C-8EE9-1FC28265BF45}.Release|Any CPU.ActiveCfg = Release|iPhone
		{854BAEEC-FF2F-4A8C-8EE9-1FC28265BF45}.Release|iPhone.ActiveCfg = Release|iPhone
		{854BAEEC-FF2F-4A8C-8EE9-1FC28265BF45}.Release|iPhone.Build.0 = Release|iPhone
		{854BAEEC-FF2F-4A8C-8EE9-1FC28265BF45}.Release|iPhoneSimulator.ActiveCfg = Release|iPhoneSimulator
		{854BAEEC-FF2F-4A8C-8EE9-1FC28265BF45}.Release|iPhoneSimulator.Build.0 = Release|iPhoneSimulator
		{3B328F50-B935-4F84-BA52-825932931C82}.Ad-Hoc|Any CPU.ActiveCfg = Debug|Any CPU
		{3B328F50-B935-4F84-BA52-825932931C82}.Ad-Hoc|Any CPU.Build.0 = Debug|Any CPU
		{3B328F50-B935-4F84-BA52-825932931C82}.Ad-Hoc|iPhone.ActiveCfg = Debug|Any CPU
		{3B328F50-B935-4F84-BA52-825932931C82}.Ad-Hoc|iPhone.Build.0 = Debug|Any CPU
		{3B328F50-B935-4F84-BA52-825932931C82}.Ad-Hoc|iPhoneSimulator.ActiveCfg = Debug|Any CPU
		{3B328F50-B935-4F84-BA52-825932931C82}.Ad-Hoc|iPhoneSimulator.Build.0 = Debug|Any CPU
		{3B328F50-B935-4F84-BA52-825932931C82}.AppStore|Any CPU.ActiveCfg = Debug|Any CPU
		{3B328F50-B935-4F84-BA52-825932931C82}.AppStore|Any CPU.Build.0 = Debug|Any CPU
		{3B328F50-B935-4F84-BA52-825932931C82}.AppStore|iPhone.ActiveCfg = Debug|Any CPU
		{3B328F50-B935-4F84-BA52-825932931C82}.AppStore|iPhone.Build.0 = Debug|Any CPU
		{3B328F50-B935-4F84-BA52-825932931C82}.AppStore|iPhoneSimulator.ActiveCfg = Debug|Any CPU
		{3B328F50-B935-4F84-BA52-825932931C82}.AppStore|iPhoneSimulator.Build.0 = Debug|Any CPU
		{3B328F50-B935-4F84-BA52-825932931C82}.Debug|Any CPU.ActiveCfg = Debug|Any CPU
		{3B328F50-B935-4F84-BA52-825932931C82}.Debug|Any CPU.Build.0 = Debug|Any CPU
		{3B328F50-B935-4F84-BA52-825932931C82}.Debug|iPhone.ActiveCfg = Debug|Any CPU
		{3B328F50-B935-4F84-BA52-825932931C82}.Debug|iPhone.Build.0 = Debug|Any CPU
		{3B328F50-B935-4F84-BA52-825932931C82}.Debug|iPhoneSimulator.ActiveCfg = Debug|Any CPU
		{3B328F50-B935-4F84-BA52-825932931C82}.Debug|iPhoneSimulator.Build.0 = Debug|Any CPU
		{3B328F50-B935-4F84-BA52-825932931C82}.Release|Any CPU.ActiveCfg = Release|Any CPU
		{3B328F50-B935-4F84-BA52-825932931C82}.Release|Any CPU.Build.0 = Release|Any CPU
		{3B328F50-B935-4F84-BA52-825932931C82}.Release|iPhone.ActiveCfg = Release|Any CPU
		{3B328F50-B935-4F84-BA52-825932931C82}.Release|iPhone.Build.0 = Release|Any CPU
		{3B328F50-B935-4F84-BA52-825932931C82}.Release|iPhoneSimulator.ActiveCfg = Release|Any CPU
		{3B328F50-B935-4F84-BA52-825932931C82}.Release|iPhoneSimulator.Build.0 = Release|Any CPU
		{6C79DB3B-6239-48F3-BFA8-D4A92DE8754F}.Ad-Hoc|Any CPU.ActiveCfg = Release|Any CPU
		{6C79DB3B-6239-48F3-BFA8-D4A92DE8754F}.Ad-Hoc|Any CPU.Build.0 = Release|Any CPU
		{6C79DB3B-6239-48F3-BFA8-D4A92DE8754F}.Ad-Hoc|Any CPU.Deploy.0 = Release|Any CPU
		{6C79DB3B-6239-48F3-BFA8-D4A92DE8754F}.Ad-Hoc|iPhone.ActiveCfg = Release|Any CPU
		{6C79DB3B-6239-48F3-BFA8-D4A92DE8754F}.Ad-Hoc|iPhone.Build.0 = Release|Any CPU
		{6C79DB3B-6239-48F3-BFA8-D4A92DE8754F}.Ad-Hoc|iPhone.Deploy.0 = Release|Any CPU
		{6C79DB3B-6239-48F3-BFA8-D4A92DE8754F}.Ad-Hoc|iPhoneSimulator.ActiveCfg = Release|Any CPU
		{6C79DB3B-6239-48F3-BFA8-D4A92DE8754F}.Ad-Hoc|iPhoneSimulator.Build.0 = Release|Any CPU
		{6C79DB3B-6239-48F3-BFA8-D4A92DE8754F}.Ad-Hoc|iPhoneSimulator.Deploy.0 = Release|Any CPU
		{6C79DB3B-6239-48F3-BFA8-D4A92DE8754F}.AppStore|Any CPU.ActiveCfg = Release|Any CPU
		{6C79DB3B-6239-48F3-BFA8-D4A92DE8754F}.AppStore|Any CPU.Build.0 = Release|Any CPU
		{6C79DB3B-6239-48F3-BFA8-D4A92DE8754F}.AppStore|Any CPU.Deploy.0 = Release|Any CPU
		{6C79DB3B-6239-48F3-BFA8-D4A92DE8754F}.AppStore|iPhone.ActiveCfg = Release|Any CPU
		{6C79DB3B-6239-48F3-BFA8-D4A92DE8754F}.AppStore|iPhone.Build.0 = Release|Any CPU
		{6C79DB3B-6239-48F3-BFA8-D4A92DE8754F}.AppStore|iPhone.Deploy.0 = Release|Any CPU
		{6C79DB3B-6239-48F3-BFA8-D4A92DE8754F}.AppStore|iPhoneSimulator.ActiveCfg = Release|Any CPU
		{6C79DB3B-6239-48F3-BFA8-D4A92DE8754F}.AppStore|iPhoneSimulator.Build.0 = Release|Any CPU
		{6C79DB3B-6239-48F3-BFA8-D4A92DE8754F}.AppStore|iPhoneSimulator.Deploy.0 = Release|Any CPU
		{6C79DB3B-6239-48F3-BFA8-D4A92DE8754F}.Debug|Any CPU.ActiveCfg = Debug|Any CPU
		{6C79DB3B-6239-48F3-BFA8-D4A92DE8754F}.Debug|Any CPU.Build.0 = Debug|Any CPU
		{6C79DB3B-6239-48F3-BFA8-D4A92DE8754F}.Debug|Any CPU.Deploy.0 = Debug|Any CPU
		{6C79DB3B-6239-48F3-BFA8-D4A92DE8754F}.Debug|iPhone.ActiveCfg = Debug|Any CPU
		{6C79DB3B-6239-48F3-BFA8-D4A92DE8754F}.Debug|iPhone.Build.0 = Debug|Any CPU
		{6C79DB3B-6239-48F3-BFA8-D4A92DE8754F}.Debug|iPhone.Deploy.0 = Debug|Any CPU
		{6C79DB3B-6239-48F3-BFA8-D4A92DE8754F}.Debug|iPhoneSimulator.ActiveCfg = Debug|Any CPU
		{6C79DB3B-6239-48F3-BFA8-D4A92DE8754F}.Debug|iPhoneSimulator.Build.0 = Debug|Any CPU
		{6C79DB3B-6239-48F3-BFA8-D4A92DE8754F}.Debug|iPhoneSimulator.Deploy.0 = Debug|Any CPU
		{6C79DB3B-6239-48F3-BFA8-D4A92DE8754F}.Release|Any CPU.ActiveCfg = Release|Any CPU
		{6C79DB3B-6239-48F3-BFA8-D4A92DE8754F}.Release|Any CPU.Build.0 = Release|Any CPU
		{6C79DB3B-6239-48F3-BFA8-D4A92DE8754F}.Release|Any CPU.Deploy.0 = Release|Any CPU
		{6C79DB3B-6239-48F3-BFA8-D4A92DE8754F}.Release|iPhone.ActiveCfg = Release|Any CPU
		{6C79DB3B-6239-48F3-BFA8-D4A92DE8754F}.Release|iPhone.Build.0 = Release|Any CPU
		{6C79DB3B-6239-48F3-BFA8-D4A92DE8754F}.Release|iPhone.Deploy.0 = Release|Any CPU
		{6C79DB3B-6239-48F3-BFA8-D4A92DE8754F}.Release|iPhoneSimulator.ActiveCfg = Release|Any CPU
		{6C79DB3B-6239-48F3-BFA8-D4A92DE8754F}.Release|iPhoneSimulator.Build.0 = Release|Any CPU
		{6C79DB3B-6239-48F3-BFA8-D4A92DE8754F}.Release|iPhoneSimulator.Deploy.0 = Release|Any CPU
		{14B64E25-930D-4E5D-8A8B-63D0C1C652D4}.Ad-Hoc|Any CPU.ActiveCfg = Ad-Hoc|iPhone
		{14B64E25-930D-4E5D-8A8B-63D0C1C652D4}.Ad-Hoc|iPhone.ActiveCfg = Ad-Hoc|iPhone
		{14B64E25-930D-4E5D-8A8B-63D0C1C652D4}.Ad-Hoc|iPhone.Build.0 = Ad-Hoc|iPhone
		{14B64E25-930D-4E5D-8A8B-63D0C1C652D4}.Ad-Hoc|iPhoneSimulator.ActiveCfg = Ad-Hoc|iPhoneSimulator
		{14B64E25-930D-4E5D-8A8B-63D0C1C652D4}.Ad-Hoc|iPhoneSimulator.Build.0 = Ad-Hoc|iPhoneSimulator
		{14B64E25-930D-4E5D-8A8B-63D0C1C652D4}.AppStore|Any CPU.ActiveCfg = AppStore|iPhone
		{14B64E25-930D-4E5D-8A8B-63D0C1C652D4}.AppStore|iPhone.ActiveCfg = AppStore|iPhone
		{14B64E25-930D-4E5D-8A8B-63D0C1C652D4}.AppStore|iPhone.Build.0 = AppStore|iPhone
		{14B64E25-930D-4E5D-8A8B-63D0C1C652D4}.AppStore|iPhoneSimulator.ActiveCfg = AppStore|iPhoneSimulator
		{14B64E25-930D-4E5D-8A8B-63D0C1C652D4}.AppStore|iPhoneSimulator.Build.0 = AppStore|iPhoneSimulator
		{14B64E25-930D-4E5D-8A8B-63D0C1C652D4}.Debug|Any CPU.ActiveCfg = Debug|iPhone
		{14B64E25-930D-4E5D-8A8B-63D0C1C652D4}.Debug|iPhone.ActiveCfg = Debug|iPhone
		{14B64E25-930D-4E5D-8A8B-63D0C1C652D4}.Debug|iPhone.Build.0 = Debug|iPhone
		{14B64E25-930D-4E5D-8A8B-63D0C1C652D4}.Debug|iPhoneSimulator.ActiveCfg = Debug|iPhoneSimulator
		{14B64E25-930D-4E5D-8A8B-63D0C1C652D4}.Debug|iPhoneSimulator.Build.0 = Debug|iPhoneSimulator
		{14B64E25-930D-4E5D-8A8B-63D0C1C652D4}.Release|Any CPU.ActiveCfg = Release|iPhone
		{14B64E25-930D-4E5D-8A8B-63D0C1C652D4}.Release|iPhone.ActiveCfg = Release|iPhone
		{14B64E25-930D-4E5D-8A8B-63D0C1C652D4}.Release|iPhone.Build.0 = Release|iPhone
		{14B64E25-930D-4E5D-8A8B-63D0C1C652D4}.Release|iPhoneSimulator.ActiveCfg = Release|iPhoneSimulator
		{14B64E25-930D-4E5D-8A8B-63D0C1C652D4}.Release|iPhoneSimulator.Build.0 = Release|iPhoneSimulator
		{F03490FF-C700-4992-B6D9-446AB51CBE20}.Ad-Hoc|Any CPU.ActiveCfg = Debug|Any CPU
		{F03490FF-C700-4992-B6D9-446AB51CBE20}.Ad-Hoc|Any CPU.Build.0 = Debug|Any CPU
		{F03490FF-C700-4992-B6D9-446AB51CBE20}.Ad-Hoc|iPhone.ActiveCfg = Debug|Any CPU
		{F03490FF-C700-4992-B6D9-446AB51CBE20}.Ad-Hoc|iPhone.Build.0 = Debug|Any CPU
		{F03490FF-C700-4992-B6D9-446AB51CBE20}.Ad-Hoc|iPhoneSimulator.ActiveCfg = Debug|Any CPU
		{F03490FF-C700-4992-B6D9-446AB51CBE20}.Ad-Hoc|iPhoneSimulator.Build.0 = Debug|Any CPU
		{F03490FF-C700-4992-B6D9-446AB51CBE20}.AppStore|Any CPU.ActiveCfg = Debug|Any CPU
		{F03490FF-C700-4992-B6D9-446AB51CBE20}.AppStore|Any CPU.Build.0 = Debug|Any CPU
		{F03490FF-C700-4992-B6D9-446AB51CBE20}.AppStore|iPhone.ActiveCfg = Debug|Any CPU
		{F03490FF-C700-4992-B6D9-446AB51CBE20}.AppStore|iPhone.Build.0 = Debug|Any CPU
		{F03490FF-C700-4992-B6D9-446AB51CBE20}.AppStore|iPhoneSimulator.ActiveCfg = Debug|Any CPU
		{F03490FF-C700-4992-B6D9-446AB51CBE20}.AppStore|iPhoneSimulator.Build.0 = Debug|Any CPU
		{F03490FF-C700-4992-B6D9-446AB51CBE20}.Debug|Any CPU.ActiveCfg = Debug|Any CPU
		{F03490FF-C700-4992-B6D9-446AB51CBE20}.Debug|Any CPU.Build.0 = Debug|Any CPU
		{F03490FF-C700-4992-B6D9-446AB51CBE20}.Debug|iPhone.ActiveCfg = Debug|Any CPU
		{F03490FF-C700-4992-B6D9-446AB51CBE20}.Debug|iPhone.Build.0 = Debug|Any CPU
		{F03490FF-C700-4992-B6D9-446AB51CBE20}.Debug|iPhoneSimulator.ActiveCfg = Debug|Any CPU
		{F03490FF-C700-4992-B6D9-446AB51CBE20}.Debug|iPhoneSimulator.Build.0 = Debug|Any CPU
		{F03490FF-C700-4992-B6D9-446AB51CBE20}.Release|Any CPU.ActiveCfg = Release|Any CPU
		{F03490FF-C700-4992-B6D9-446AB51CBE20}.Release|Any CPU.Build.0 = Release|Any CPU
		{F03490FF-C700-4992-B6D9-446AB51CBE20}.Release|iPhone.ActiveCfg = Release|Any CPU
		{F03490FF-C700-4992-B6D9-446AB51CBE20}.Release|iPhone.Build.0 = Release|Any CPU
		{F03490FF-C700-4992-B6D9-446AB51CBE20}.Release|iPhoneSimulator.ActiveCfg = Release|Any CPU
		{F03490FF-C700-4992-B6D9-446AB51CBE20}.Release|iPhoneSimulator.Build.0 = Release|Any CPU
		{871D261C-C169-4CCD-973B-6551E7604946}.Ad-Hoc|Any CPU.ActiveCfg = Release|Any CPU
		{871D261C-C169-4CCD-973B-6551E7604946}.Ad-Hoc|Any CPU.Build.0 = Release|Any CPU
		{871D261C-C169-4CCD-973B-6551E7604946}.Ad-Hoc|Any CPU.Deploy.0 = Release|Any CPU
		{871D261C-C169-4CCD-973B-6551E7604946}.Ad-Hoc|iPhone.ActiveCfg = Release|Any CPU
		{871D261C-C169-4CCD-973B-6551E7604946}.Ad-Hoc|iPhone.Build.0 = Release|Any CPU
		{871D261C-C169-4CCD-973B-6551E7604946}.Ad-Hoc|iPhone.Deploy.0 = Release|Any CPU
		{871D261C-C169-4CCD-973B-6551E7604946}.Ad-Hoc|iPhoneSimulator.ActiveCfg = Release|Any CPU
		{871D261C-C169-4CCD-973B-6551E7604946}.Ad-Hoc|iPhoneSimulator.Build.0 = Release|Any CPU
		{871D261C-C169-4CCD-973B-6551E7604946}.Ad-Hoc|iPhoneSimulator.Deploy.0 = Release|Any CPU
		{871D261C-C169-4CCD-973B-6551E7604946}.AppStore|Any CPU.ActiveCfg = Release|Any CPU
		{871D261C-C169-4CCD-973B-6551E7604946}.AppStore|Any CPU.Build.0 = Release|Any CPU
		{871D261C-C169-4CCD-973B-6551E7604946}.AppStore|Any CPU.Deploy.0 = Release|Any CPU
		{871D261C-C169-4CCD-973B-6551E7604946}.AppStore|iPhone.ActiveCfg = Release|Any CPU
		{871D261C-C169-4CCD-973B-6551E7604946}.AppStore|iPhone.Build.0 = Release|Any CPU
		{871D261C-C169-4CCD-973B-6551E7604946}.AppStore|iPhone.Deploy.0 = Release|Any CPU
		{871D261C-C169-4CCD-973B-6551E7604946}.AppStore|iPhoneSimulator.ActiveCfg = Release|Any CPU
		{871D261C-C169-4CCD-973B-6551E7604946}.AppStore|iPhoneSimulator.Build.0 = Release|Any CPU
		{871D261C-C169-4CCD-973B-6551E7604946}.AppStore|iPhoneSimulator.Deploy.0 = Release|Any CPU
		{871D261C-C169-4CCD-973B-6551E7604946}.Debug|Any CPU.ActiveCfg = Debug|Any CPU
		{871D261C-C169-4CCD-973B-6551E7604946}.Debug|Any CPU.Build.0 = Debug|Any CPU
		{871D261C-C169-4CCD-973B-6551E7604946}.Debug|Any CPU.Deploy.0 = Debug|Any CPU
		{871D261C-C169-4CCD-973B-6551E7604946}.Debug|iPhone.ActiveCfg = Debug|Any CPU
		{871D261C-C169-4CCD-973B-6551E7604946}.Debug|iPhone.Build.0 = Debug|Any CPU
		{871D261C-C169-4CCD-973B-6551E7604946}.Debug|iPhone.Deploy.0 = Debug|Any CPU
		{871D261C-C169-4CCD-973B-6551E7604946}.Debug|iPhoneSimulator.ActiveCfg = Debug|Any CPU
		{871D261C-C169-4CCD-973B-6551E7604946}.Debug|iPhoneSimulator.Build.0 = Debug|Any CPU
		{871D261C-C169-4CCD-973B-6551E7604946}.Debug|iPhoneSimulator.Deploy.0 = Debug|Any CPU
		{871D261C-C169-4CCD-973B-6551E7604946}.Release|Any CPU.ActiveCfg = Release|Any CPU
		{871D261C-C169-4CCD-973B-6551E7604946}.Release|Any CPU.Build.0 = Release|Any CPU
		{871D261C-C169-4CCD-973B-6551E7604946}.Release|Any CPU.Deploy.0 = Release|Any CPU
		{871D261C-C169-4CCD-973B-6551E7604946}.Release|iPhone.ActiveCfg = Release|Any CPU
		{871D261C-C169-4CCD-973B-6551E7604946}.Release|iPhone.Build.0 = Release|Any CPU
		{871D261C-C169-4CCD-973B-6551E7604946}.Release|iPhone.Deploy.0 = Release|Any CPU
		{871D261C-C169-4CCD-973B-6551E7604946}.Release|iPhoneSimulator.ActiveCfg = Release|Any CPU
		{871D261C-C169-4CCD-973B-6551E7604946}.Release|iPhoneSimulator.Build.0 = Release|Any CPU
		{871D261C-C169-4CCD-973B-6551E7604946}.Release|iPhoneSimulator.Deploy.0 = Release|Any CPU
		{DDFD563A-7718-4507-95CE-4B84374B30BF}.Ad-Hoc|Any CPU.ActiveCfg = Ad-Hoc|iPhone
		{DDFD563A-7718-4507-95CE-4B84374B30BF}.Ad-Hoc|iPhone.ActiveCfg = Ad-Hoc|iPhone
		{DDFD563A-7718-4507-95CE-4B84374B30BF}.Ad-Hoc|iPhone.Build.0 = Ad-Hoc|iPhone
		{DDFD563A-7718-4507-95CE-4B84374B30BF}.Ad-Hoc|iPhoneSimulator.ActiveCfg = Ad-Hoc|iPhoneSimulator
		{DDFD563A-7718-4507-95CE-4B84374B30BF}.Ad-Hoc|iPhoneSimulator.Build.0 = Ad-Hoc|iPhoneSimulator
		{DDFD563A-7718-4507-95CE-4B84374B30BF}.AppStore|Any CPU.ActiveCfg = AppStore|iPhone
		{DDFD563A-7718-4507-95CE-4B84374B30BF}.AppStore|iPhone.ActiveCfg = AppStore|iPhone
		{DDFD563A-7718-4507-95CE-4B84374B30BF}.AppStore|iPhone.Build.0 = AppStore|iPhone
		{DDFD563A-7718-4507-95CE-4B84374B30BF}.AppStore|iPhoneSimulator.ActiveCfg = AppStore|iPhoneSimulator
		{DDFD563A-7718-4507-95CE-4B84374B30BF}.AppStore|iPhoneSimulator.Build.0 = AppStore|iPhoneSimulator
		{DDFD563A-7718-4507-95CE-4B84374B30BF}.Debug|Any CPU.ActiveCfg = Debug|iPhone
		{DDFD563A-7718-4507-95CE-4B84374B30BF}.Debug|iPhone.ActiveCfg = Debug|iPhone
		{DDFD563A-7718-4507-95CE-4B84374B30BF}.Debug|iPhone.Build.0 = Debug|iPhone
		{DDFD563A-7718-4507-95CE-4B84374B30BF}.Debug|iPhoneSimulator.ActiveCfg = Debug|iPhoneSimulator
		{DDFD563A-7718-4507-95CE-4B84374B30BF}.Debug|iPhoneSimulator.Build.0 = Debug|iPhoneSimulator
		{DDFD563A-7718-4507-95CE-4B84374B30BF}.Release|Any CPU.ActiveCfg = Release|iPhone
		{DDFD563A-7718-4507-95CE-4B84374B30BF}.Release|iPhone.ActiveCfg = Release|iPhone
		{DDFD563A-7718-4507-95CE-4B84374B30BF}.Release|iPhone.Build.0 = Release|iPhone
		{DDFD563A-7718-4507-95CE-4B84374B30BF}.Release|iPhoneSimulator.ActiveCfg = Release|iPhoneSimulator
		{DDFD563A-7718-4507-95CE-4B84374B30BF}.Release|iPhoneSimulator.Build.0 = Release|iPhoneSimulator
		{A69A32BA-5BC2-4958-A072-BE40F4331C6E}.Ad-Hoc|Any CPU.ActiveCfg = Debug|Any CPU
		{A69A32BA-5BC2-4958-A072-BE40F4331C6E}.Ad-Hoc|Any CPU.Build.0 = Debug|Any CPU
		{A69A32BA-5BC2-4958-A072-BE40F4331C6E}.Ad-Hoc|iPhone.ActiveCfg = Debug|Any CPU
		{A69A32BA-5BC2-4958-A072-BE40F4331C6E}.Ad-Hoc|iPhone.Build.0 = Debug|Any CPU
		{A69A32BA-5BC2-4958-A072-BE40F4331C6E}.Ad-Hoc|iPhoneSimulator.ActiveCfg = Debug|Any CPU
		{A69A32BA-5BC2-4958-A072-BE40F4331C6E}.Ad-Hoc|iPhoneSimulator.Build.0 = Debug|Any CPU
		{A69A32BA-5BC2-4958-A072-BE40F4331C6E}.AppStore|Any CPU.ActiveCfg = Debug|Any CPU
		{A69A32BA-5BC2-4958-A072-BE40F4331C6E}.AppStore|Any CPU.Build.0 = Debug|Any CPU
		{A69A32BA-5BC2-4958-A072-BE40F4331C6E}.AppStore|iPhone.ActiveCfg = Debug|Any CPU
		{A69A32BA-5BC2-4958-A072-BE40F4331C6E}.AppStore|iPhone.Build.0 = Debug|Any CPU
		{A69A32BA-5BC2-4958-A072-BE40F4331C6E}.AppStore|iPhoneSimulator.ActiveCfg = Debug|Any CPU
		{A69A32BA-5BC2-4958-A072-BE40F4331C6E}.AppStore|iPhoneSimulator.Build.0 = Debug|Any CPU
		{A69A32BA-5BC2-4958-A072-BE40F4331C6E}.Debug|Any CPU.ActiveCfg = Debug|Any CPU
		{A69A32BA-5BC2-4958-A072-BE40F4331C6E}.Debug|Any CPU.Build.0 = Debug|Any CPU
		{A69A32BA-5BC2-4958-A072-BE40F4331C6E}.Debug|iPhone.ActiveCfg = Debug|Any CPU
		{A69A32BA-5BC2-4958-A072-BE40F4331C6E}.Debug|iPhone.Build.0 = Debug|Any CPU
		{A69A32BA-5BC2-4958-A072-BE40F4331C6E}.Debug|iPhoneSimulator.ActiveCfg = Debug|Any CPU
		{A69A32BA-5BC2-4958-A072-BE40F4331C6E}.Debug|iPhoneSimulator.Build.0 = Debug|Any CPU
		{A69A32BA-5BC2-4958-A072-BE40F4331C6E}.Release|Any CPU.ActiveCfg = Release|Any CPU
		{A69A32BA-5BC2-4958-A072-BE40F4331C6E}.Release|Any CPU.Build.0 = Release|Any CPU
		{A69A32BA-5BC2-4958-A072-BE40F4331C6E}.Release|iPhone.ActiveCfg = Release|Any CPU
		{A69A32BA-5BC2-4958-A072-BE40F4331C6E}.Release|iPhone.Build.0 = Release|Any CPU
		{A69A32BA-5BC2-4958-A072-BE40F4331C6E}.Release|iPhoneSimulator.ActiveCfg = Release|Any CPU
		{A69A32BA-5BC2-4958-A072-BE40F4331C6E}.Release|iPhoneSimulator.Build.0 = Release|Any CPU
		{4BCD2BC2-E27B-46EC-B4E1-DDABD46E5D33}.Ad-Hoc|Any CPU.ActiveCfg = Release|Any CPU
		{4BCD2BC2-E27B-46EC-B4E1-DDABD46E5D33}.Ad-Hoc|Any CPU.Build.0 = Release|Any CPU
		{4BCD2BC2-E27B-46EC-B4E1-DDABD46E5D33}.Ad-Hoc|Any CPU.Deploy.0 = Release|Any CPU
		{4BCD2BC2-E27B-46EC-B4E1-DDABD46E5D33}.Ad-Hoc|iPhone.ActiveCfg = Release|Any CPU
		{4BCD2BC2-E27B-46EC-B4E1-DDABD46E5D33}.Ad-Hoc|iPhone.Build.0 = Release|Any CPU
		{4BCD2BC2-E27B-46EC-B4E1-DDABD46E5D33}.Ad-Hoc|iPhone.Deploy.0 = Release|Any CPU
		{4BCD2BC2-E27B-46EC-B4E1-DDABD46E5D33}.Ad-Hoc|iPhoneSimulator.ActiveCfg = Release|Any CPU
		{4BCD2BC2-E27B-46EC-B4E1-DDABD46E5D33}.Ad-Hoc|iPhoneSimulator.Build.0 = Release|Any CPU
		{4BCD2BC2-E27B-46EC-B4E1-DDABD46E5D33}.Ad-Hoc|iPhoneSimulator.Deploy.0 = Release|Any CPU
		{4BCD2BC2-E27B-46EC-B4E1-DDABD46E5D33}.AppStore|Any CPU.ActiveCfg = Release|Any CPU
		{4BCD2BC2-E27B-46EC-B4E1-DDABD46E5D33}.AppStore|Any CPU.Build.0 = Release|Any CPU
		{4BCD2BC2-E27B-46EC-B4E1-DDABD46E5D33}.AppStore|Any CPU.Deploy.0 = Release|Any CPU
		{4BCD2BC2-E27B-46EC-B4E1-DDABD46E5D33}.AppStore|iPhone.ActiveCfg = Release|Any CPU
		{4BCD2BC2-E27B-46EC-B4E1-DDABD46E5D33}.AppStore|iPhone.Build.0 = Release|Any CPU
		{4BCD2BC2-E27B-46EC-B4E1-DDABD46E5D33}.AppStore|iPhone.Deploy.0 = Release|Any CPU
		{4BCD2BC2-E27B-46EC-B4E1-DDABD46E5D33}.AppStore|iPhoneSimulator.ActiveCfg = Release|Any CPU
		{4BCD2BC2-E27B-46EC-B4E1-DDABD46E5D33}.AppStore|iPhoneSimulator.Build.0 = Release|Any CPU
		{4BCD2BC2-E27B-46EC-B4E1-DDABD46E5D33}.AppStore|iPhoneSimulator.Deploy.0 = Release|Any CPU
		{4BCD2BC2-E27B-46EC-B4E1-DDABD46E5D33}.Debug|Any CPU.ActiveCfg = Debug|Any CPU
		{4BCD2BC2-E27B-46EC-B4E1-DDABD46E5D33}.Debug|Any CPU.Build.0 = Debug|Any CPU
		{4BCD2BC2-E27B-46EC-B4E1-DDABD46E5D33}.Debug|Any CPU.Deploy.0 = Debug|Any CPU
		{4BCD2BC2-E27B-46EC-B4E1-DDABD46E5D33}.Debug|iPhone.ActiveCfg = Debug|Any CPU
		{4BCD2BC2-E27B-46EC-B4E1-DDABD46E5D33}.Debug|iPhone.Build.0 = Debug|Any CPU
		{4BCD2BC2-E27B-46EC-B4E1-DDABD46E5D33}.Debug|iPhone.Deploy.0 = Debug|Any CPU
		{4BCD2BC2-E27B-46EC-B4E1-DDABD46E5D33}.Debug|iPhoneSimulator.ActiveCfg = Debug|Any CPU
		{4BCD2BC2-E27B-46EC-B4E1-DDABD46E5D33}.Debug|iPhoneSimulator.Build.0 = Debug|Any CPU
		{4BCD2BC2-E27B-46EC-B4E1-DDABD46E5D33}.Debug|iPhoneSimulator.Deploy.0 = Debug|Any CPU
		{4BCD2BC2-E27B-46EC-B4E1-DDABD46E5D33}.Release|Any CPU.ActiveCfg = Release|Any CPU
		{4BCD2BC2-E27B-46EC-B4E1-DDABD46E5D33}.Release|Any CPU.Build.0 = Release|Any CPU
		{4BCD2BC2-E27B-46EC-B4E1-DDABD46E5D33}.Release|Any CPU.Deploy.0 = Release|Any CPU
		{4BCD2BC2-E27B-46EC-B4E1-DDABD46E5D33}.Release|iPhone.ActiveCfg = Release|Any CPU
		{4BCD2BC2-E27B-46EC-B4E1-DDABD46E5D33}.Release|iPhone.Build.0 = Release|Any CPU
		{4BCD2BC2-E27B-46EC-B4E1-DDABD46E5D33}.Release|iPhone.Deploy.0 = Release|Any CPU
		{4BCD2BC2-E27B-46EC-B4E1-DDABD46E5D33}.Release|iPhoneSimulator.ActiveCfg = Release|Any CPU
		{4BCD2BC2-E27B-46EC-B4E1-DDABD46E5D33}.Release|iPhoneSimulator.Build.0 = Release|Any CPU
		{4BCD2BC2-E27B-46EC-B4E1-DDABD46E5D33}.Release|iPhoneSimulator.Deploy.0 = Release|Any CPU
		{C345AC2F-1AB8-423D-A2D0-216FCBC7787A}.Ad-Hoc|Any CPU.ActiveCfg = Ad-Hoc|iPhone
		{C345AC2F-1AB8-423D-A2D0-216FCBC7787A}.Ad-Hoc|iPhone.ActiveCfg = Ad-Hoc|iPhone
		{C345AC2F-1AB8-423D-A2D0-216FCBC7787A}.Ad-Hoc|iPhone.Build.0 = Ad-Hoc|iPhone
		{C345AC2F-1AB8-423D-A2D0-216FCBC7787A}.Ad-Hoc|iPhoneSimulator.ActiveCfg = Ad-Hoc|iPhoneSimulator
		{C345AC2F-1AB8-423D-A2D0-216FCBC7787A}.Ad-Hoc|iPhoneSimulator.Build.0 = Ad-Hoc|iPhoneSimulator
		{C345AC2F-1AB8-423D-A2D0-216FCBC7787A}.AppStore|Any CPU.ActiveCfg = AppStore|iPhone
		{C345AC2F-1AB8-423D-A2D0-216FCBC7787A}.AppStore|iPhone.ActiveCfg = AppStore|iPhone
		{C345AC2F-1AB8-423D-A2D0-216FCBC7787A}.AppStore|iPhone.Build.0 = AppStore|iPhone
		{C345AC2F-1AB8-423D-A2D0-216FCBC7787A}.AppStore|iPhoneSimulator.ActiveCfg = AppStore|iPhoneSimulator
		{C345AC2F-1AB8-423D-A2D0-216FCBC7787A}.AppStore|iPhoneSimulator.Build.0 = AppStore|iPhoneSimulator
		{C345AC2F-1AB8-423D-A2D0-216FCBC7787A}.Debug|Any CPU.ActiveCfg = Debug|iPhone
		{C345AC2F-1AB8-423D-A2D0-216FCBC7787A}.Debug|iPhone.ActiveCfg = Debug|iPhone
		{C345AC2F-1AB8-423D-A2D0-216FCBC7787A}.Debug|iPhone.Build.0 = Debug|iPhone
		{C345AC2F-1AB8-423D-A2D0-216FCBC7787A}.Debug|iPhoneSimulator.ActiveCfg = Debug|iPhoneSimulator
		{C345AC2F-1AB8-423D-A2D0-216FCBC7787A}.Debug|iPhoneSimulator.Build.0 = Debug|iPhoneSimulator
		{C345AC2F-1AB8-423D-A2D0-216FCBC7787A}.Release|Any CPU.ActiveCfg = Release|iPhone
		{C345AC2F-1AB8-423D-A2D0-216FCBC7787A}.Release|iPhone.ActiveCfg = Release|iPhone
		{C345AC2F-1AB8-423D-A2D0-216FCBC7787A}.Release|iPhone.Build.0 = Release|iPhone
		{C345AC2F-1AB8-423D-A2D0-216FCBC7787A}.Release|iPhoneSimulator.ActiveCfg = Release|iPhoneSimulator
		{C345AC2F-1AB8-423D-A2D0-216FCBC7787A}.Release|iPhoneSimulator.Build.0 = Release|iPhoneSimulator
		{E1165752-6881-47CB-9B5D-21A05C3990AD}.Ad-Hoc|Any CPU.ActiveCfg = Debug|Any CPU
		{E1165752-6881-47CB-9B5D-21A05C3990AD}.Ad-Hoc|Any CPU.Build.0 = Debug|Any CPU
		{E1165752-6881-47CB-9B5D-21A05C3990AD}.Ad-Hoc|iPhone.ActiveCfg = Debug|Any CPU
		{E1165752-6881-47CB-9B5D-21A05C3990AD}.Ad-Hoc|iPhone.Build.0 = Debug|Any CPU
		{E1165752-6881-47CB-9B5D-21A05C3990AD}.Ad-Hoc|iPhoneSimulator.ActiveCfg = Debug|Any CPU
		{E1165752-6881-47CB-9B5D-21A05C3990AD}.Ad-Hoc|iPhoneSimulator.Build.0 = Debug|Any CPU
		{E1165752-6881-47CB-9B5D-21A05C3990AD}.AppStore|Any CPU.ActiveCfg = Debug|Any CPU
		{E1165752-6881-47CB-9B5D-21A05C3990AD}.AppStore|Any CPU.Build.0 = Debug|Any CPU
		{E1165752-6881-47CB-9B5D-21A05C3990AD}.AppStore|iPhone.ActiveCfg = Debug|Any CPU
		{E1165752-6881-47CB-9B5D-21A05C3990AD}.AppStore|iPhone.Build.0 = Debug|Any CPU
		{E1165752-6881-47CB-9B5D-21A05C3990AD}.AppStore|iPhoneSimulator.ActiveCfg = Debug|Any CPU
		{E1165752-6881-47CB-9B5D-21A05C3990AD}.AppStore|iPhoneSimulator.Build.0 = Debug|Any CPU
		{E1165752-6881-47CB-9B5D-21A05C3990AD}.Debug|Any CPU.ActiveCfg = Debug|Any CPU
		{E1165752-6881-47CB-9B5D-21A05C3990AD}.Debug|Any CPU.Build.0 = Debug|Any CPU
		{E1165752-6881-47CB-9B5D-21A05C3990AD}.Debug|iPhone.ActiveCfg = Debug|Any CPU
		{E1165752-6881-47CB-9B5D-21A05C3990AD}.Debug|iPhone.Build.0 = Debug|Any CPU
		{E1165752-6881-47CB-9B5D-21A05C3990AD}.Debug|iPhoneSimulator.ActiveCfg = Debug|Any CPU
		{E1165752-6881-47CB-9B5D-21A05C3990AD}.Debug|iPhoneSimulator.Build.0 = Debug|Any CPU
		{E1165752-6881-47CB-9B5D-21A05C3990AD}.Release|Any CPU.ActiveCfg = Release|Any CPU
		{E1165752-6881-47CB-9B5D-21A05C3990AD}.Release|Any CPU.Build.0 = Release|Any CPU
		{E1165752-6881-47CB-9B5D-21A05C3990AD}.Release|iPhone.ActiveCfg = Release|Any CPU
		{E1165752-6881-47CB-9B5D-21A05C3990AD}.Release|iPhone.Build.0 = Release|Any CPU
		{E1165752-6881-47CB-9B5D-21A05C3990AD}.Release|iPhoneSimulator.ActiveCfg = Release|Any CPU
		{E1165752-6881-47CB-9B5D-21A05C3990AD}.Release|iPhoneSimulator.Build.0 = Release|Any CPU
		{DB5490F9-E5D6-4AF8-B26B-C3E3EFE88E8D}.Ad-Hoc|Any CPU.ActiveCfg = Release|Any CPU
		{DB5490F9-E5D6-4AF8-B26B-C3E3EFE88E8D}.Ad-Hoc|Any CPU.Build.0 = Release|Any CPU
		{DB5490F9-E5D6-4AF8-B26B-C3E3EFE88E8D}.Ad-Hoc|Any CPU.Deploy.0 = Release|Any CPU
		{DB5490F9-E5D6-4AF8-B26B-C3E3EFE88E8D}.Ad-Hoc|iPhone.ActiveCfg = Release|Any CPU
		{DB5490F9-E5D6-4AF8-B26B-C3E3EFE88E8D}.Ad-Hoc|iPhone.Build.0 = Release|Any CPU
		{DB5490F9-E5D6-4AF8-B26B-C3E3EFE88E8D}.Ad-Hoc|iPhone.Deploy.0 = Release|Any CPU
		{DB5490F9-E5D6-4AF8-B26B-C3E3EFE88E8D}.Ad-Hoc|iPhoneSimulator.ActiveCfg = Release|Any CPU
		{DB5490F9-E5D6-4AF8-B26B-C3E3EFE88E8D}.Ad-Hoc|iPhoneSimulator.Build.0 = Release|Any CPU
		{DB5490F9-E5D6-4AF8-B26B-C3E3EFE88E8D}.Ad-Hoc|iPhoneSimulator.Deploy.0 = Release|Any CPU
		{DB5490F9-E5D6-4AF8-B26B-C3E3EFE88E8D}.AppStore|Any CPU.ActiveCfg = Release|Any CPU
		{DB5490F9-E5D6-4AF8-B26B-C3E3EFE88E8D}.AppStore|Any CPU.Build.0 = Release|Any CPU
		{DB5490F9-E5D6-4AF8-B26B-C3E3EFE88E8D}.AppStore|Any CPU.Deploy.0 = Release|Any CPU
		{DB5490F9-E5D6-4AF8-B26B-C3E3EFE88E8D}.AppStore|iPhone.ActiveCfg = Release|Any CPU
		{DB5490F9-E5D6-4AF8-B26B-C3E3EFE88E8D}.AppStore|iPhone.Build.0 = Release|Any CPU
		{DB5490F9-E5D6-4AF8-B26B-C3E3EFE88E8D}.AppStore|iPhone.Deploy.0 = Release|Any CPU
		{DB5490F9-E5D6-4AF8-B26B-C3E3EFE88E8D}.AppStore|iPhoneSimulator.ActiveCfg = Release|Any CPU
		{DB5490F9-E5D6-4AF8-B26B-C3E3EFE88E8D}.AppStore|iPhoneSimulator.Build.0 = Release|Any CPU
		{DB5490F9-E5D6-4AF8-B26B-C3E3EFE88E8D}.AppStore|iPhoneSimulator.Deploy.0 = Release|Any CPU
		{DB5490F9-E5D6-4AF8-B26B-C3E3EFE88E8D}.Debug|Any CPU.ActiveCfg = Debug|Any CPU
		{DB5490F9-E5D6-4AF8-B26B-C3E3EFE88E8D}.Debug|Any CPU.Build.0 = Debug|Any CPU
		{DB5490F9-E5D6-4AF8-B26B-C3E3EFE88E8D}.Debug|Any CPU.Deploy.0 = Debug|Any CPU
		{DB5490F9-E5D6-4AF8-B26B-C3E3EFE88E8D}.Debug|iPhone.ActiveCfg = Debug|Any CPU
		{DB5490F9-E5D6-4AF8-B26B-C3E3EFE88E8D}.Debug|iPhone.Build.0 = Debug|Any CPU
		{DB5490F9-E5D6-4AF8-B26B-C3E3EFE88E8D}.Debug|iPhone.Deploy.0 = Debug|Any CPU
		{DB5490F9-E5D6-4AF8-B26B-C3E3EFE88E8D}.Debug|iPhoneSimulator.ActiveCfg = Debug|Any CPU
		{DB5490F9-E5D6-4AF8-B26B-C3E3EFE88E8D}.Debug|iPhoneSimulator.Build.0 = Debug|Any CPU
		{DB5490F9-E5D6-4AF8-B26B-C3E3EFE88E8D}.Debug|iPhoneSimulator.Deploy.0 = Debug|Any CPU
		{DB5490F9-E5D6-4AF8-B26B-C3E3EFE88E8D}.Release|Any CPU.ActiveCfg = Release|Any CPU
		{DB5490F9-E5D6-4AF8-B26B-C3E3EFE88E8D}.Release|Any CPU.Build.0 = Release|Any CPU
		{DB5490F9-E5D6-4AF8-B26B-C3E3EFE88E8D}.Release|Any CPU.Deploy.0 = Release|Any CPU
		{DB5490F9-E5D6-4AF8-B26B-C3E3EFE88E8D}.Release|iPhone.ActiveCfg = Release|Any CPU
		{DB5490F9-E5D6-4AF8-B26B-C3E3EFE88E8D}.Release|iPhone.Build.0 = Release|Any CPU
		{DB5490F9-E5D6-4AF8-B26B-C3E3EFE88E8D}.Release|iPhone.Deploy.0 = Release|Any CPU
		{DB5490F9-E5D6-4AF8-B26B-C3E3EFE88E8D}.Release|iPhoneSimulator.ActiveCfg = Release|Any CPU
		{DB5490F9-E5D6-4AF8-B26B-C3E3EFE88E8D}.Release|iPhoneSimulator.Build.0 = Release|Any CPU
		{DB5490F9-E5D6-4AF8-B26B-C3E3EFE88E8D}.Release|iPhoneSimulator.Deploy.0 = Release|Any CPU
		{A1E9EA61-AFF9-430B-A17E-CDF4928AE502}.Ad-Hoc|Any CPU.ActiveCfg = Ad-Hoc|iPhone
		{A1E9EA61-AFF9-430B-A17E-CDF4928AE502}.Ad-Hoc|iPhone.ActiveCfg = Ad-Hoc|iPhone
		{A1E9EA61-AFF9-430B-A17E-CDF4928AE502}.Ad-Hoc|iPhone.Build.0 = Ad-Hoc|iPhone
		{A1E9EA61-AFF9-430B-A17E-CDF4928AE502}.Ad-Hoc|iPhoneSimulator.ActiveCfg = Ad-Hoc|iPhoneSimulator
		{A1E9EA61-AFF9-430B-A17E-CDF4928AE502}.Ad-Hoc|iPhoneSimulator.Build.0 = Ad-Hoc|iPhoneSimulator
		{A1E9EA61-AFF9-430B-A17E-CDF4928AE502}.AppStore|Any CPU.ActiveCfg = AppStore|iPhone
		{A1E9EA61-AFF9-430B-A17E-CDF4928AE502}.AppStore|iPhone.ActiveCfg = AppStore|iPhone
		{A1E9EA61-AFF9-430B-A17E-CDF4928AE502}.AppStore|iPhone.Build.0 = AppStore|iPhone
		{A1E9EA61-AFF9-430B-A17E-CDF4928AE502}.AppStore|iPhoneSimulator.ActiveCfg = AppStore|iPhoneSimulator
		{A1E9EA61-AFF9-430B-A17E-CDF4928AE502}.AppStore|iPhoneSimulator.Build.0 = AppStore|iPhoneSimulator
		{A1E9EA61-AFF9-430B-A17E-CDF4928AE502}.Debug|Any CPU.ActiveCfg = Debug|iPhone
		{A1E9EA61-AFF9-430B-A17E-CDF4928AE502}.Debug|iPhone.ActiveCfg = Debug|iPhone
		{A1E9EA61-AFF9-430B-A17E-CDF4928AE502}.Debug|iPhone.Build.0 = Debug|iPhone
		{A1E9EA61-AFF9-430B-A17E-CDF4928AE502}.Debug|iPhoneSimulator.ActiveCfg = Debug|iPhoneSimulator
		{A1E9EA61-AFF9-430B-A17E-CDF4928AE502}.Debug|iPhoneSimulator.Build.0 = Debug|iPhoneSimulator
		{A1E9EA61-AFF9-430B-A17E-CDF4928AE502}.Release|Any CPU.ActiveCfg = Release|iPhone
		{A1E9EA61-AFF9-430B-A17E-CDF4928AE502}.Release|iPhone.ActiveCfg = Release|iPhone
		{A1E9EA61-AFF9-430B-A17E-CDF4928AE502}.Release|iPhone.Build.0 = Release|iPhone
		{A1E9EA61-AFF9-430B-A17E-CDF4928AE502}.Release|iPhoneSimulator.ActiveCfg = Release|iPhoneSimulator
		{A1E9EA61-AFF9-430B-A17E-CDF4928AE502}.Release|iPhoneSimulator.Build.0 = Release|iPhoneSimulator
		{8D1AF247-20CF-421B-9750-DD4E81037F85}.Ad-Hoc|Any CPU.ActiveCfg = Debug|Any CPU
		{8D1AF247-20CF-421B-9750-DD4E81037F85}.Ad-Hoc|Any CPU.Build.0 = Debug|Any CPU
		{8D1AF247-20CF-421B-9750-DD4E81037F85}.Ad-Hoc|iPhone.ActiveCfg = Debug|Any CPU
		{8D1AF247-20CF-421B-9750-DD4E81037F85}.Ad-Hoc|iPhone.Build.0 = Debug|Any CPU
		{8D1AF247-20CF-421B-9750-DD4E81037F85}.Ad-Hoc|iPhoneSimulator.ActiveCfg = Debug|Any CPU
		{8D1AF247-20CF-421B-9750-DD4E81037F85}.Ad-Hoc|iPhoneSimulator.Build.0 = Debug|Any CPU
		{8D1AF247-20CF-421B-9750-DD4E81037F85}.AppStore|Any CPU.ActiveCfg = Debug|Any CPU
		{8D1AF247-20CF-421B-9750-DD4E81037F85}.AppStore|Any CPU.Build.0 = Debug|Any CPU
		{8D1AF247-20CF-421B-9750-DD4E81037F85}.AppStore|iPhone.ActiveCfg = Debug|Any CPU
		{8D1AF247-20CF-421B-9750-DD4E81037F85}.AppStore|iPhone.Build.0 = Debug|Any CPU
		{8D1AF247-20CF-421B-9750-DD4E81037F85}.AppStore|iPhoneSimulator.ActiveCfg = Debug|Any CPU
		{8D1AF247-20CF-421B-9750-DD4E81037F85}.AppStore|iPhoneSimulator.Build.0 = Debug|Any CPU
		{8D1AF247-20CF-421B-9750-DD4E81037F85}.Debug|Any CPU.ActiveCfg = Debug|Any CPU
		{8D1AF247-20CF-421B-9750-DD4E81037F85}.Debug|Any CPU.Build.0 = Debug|Any CPU
		{8D1AF247-20CF-421B-9750-DD4E81037F85}.Debug|iPhone.ActiveCfg = Debug|Any CPU
		{8D1AF247-20CF-421B-9750-DD4E81037F85}.Debug|iPhone.Build.0 = Debug|Any CPU
		{8D1AF247-20CF-421B-9750-DD4E81037F85}.Debug|iPhoneSimulator.ActiveCfg = Debug|Any CPU
		{8D1AF247-20CF-421B-9750-DD4E81037F85}.Debug|iPhoneSimulator.Build.0 = Debug|Any CPU
		{8D1AF247-20CF-421B-9750-DD4E81037F85}.Release|Any CPU.ActiveCfg = Release|Any CPU
		{8D1AF247-20CF-421B-9750-DD4E81037F85}.Release|Any CPU.Build.0 = Release|Any CPU
		{8D1AF247-20CF-421B-9750-DD4E81037F85}.Release|iPhone.ActiveCfg = Release|Any CPU
		{8D1AF247-20CF-421B-9750-DD4E81037F85}.Release|iPhone.Build.0 = Release|Any CPU
		{8D1AF247-20CF-421B-9750-DD4E81037F85}.Release|iPhoneSimulator.ActiveCfg = Release|Any CPU
		{8D1AF247-20CF-421B-9750-DD4E81037F85}.Release|iPhoneSimulator.Build.0 = Release|Any CPU
		{4A0F1971-0D95-4E9F-90C2-134E154FB8B2}.Ad-Hoc|Any CPU.ActiveCfg = Release|Any CPU
		{4A0F1971-0D95-4E9F-90C2-134E154FB8B2}.Ad-Hoc|Any CPU.Build.0 = Release|Any CPU
		{4A0F1971-0D95-4E9F-90C2-134E154FB8B2}.Ad-Hoc|Any CPU.Deploy.0 = Release|Any CPU
		{4A0F1971-0D95-4E9F-90C2-134E154FB8B2}.Ad-Hoc|iPhone.ActiveCfg = Release|Any CPU
		{4A0F1971-0D95-4E9F-90C2-134E154FB8B2}.Ad-Hoc|iPhone.Build.0 = Release|Any CPU
		{4A0F1971-0D95-4E9F-90C2-134E154FB8B2}.Ad-Hoc|iPhone.Deploy.0 = Release|Any CPU
		{4A0F1971-0D95-4E9F-90C2-134E154FB8B2}.Ad-Hoc|iPhoneSimulator.ActiveCfg = Release|Any CPU
		{4A0F1971-0D95-4E9F-90C2-134E154FB8B2}.Ad-Hoc|iPhoneSimulator.Build.0 = Release|Any CPU
		{4A0F1971-0D95-4E9F-90C2-134E154FB8B2}.Ad-Hoc|iPhoneSimulator.Deploy.0 = Release|Any CPU
		{4A0F1971-0D95-4E9F-90C2-134E154FB8B2}.AppStore|Any CPU.ActiveCfg = Release|Any CPU
		{4A0F1971-0D95-4E9F-90C2-134E154FB8B2}.AppStore|Any CPU.Build.0 = Release|Any CPU
		{4A0F1971-0D95-4E9F-90C2-134E154FB8B2}.AppStore|Any CPU.Deploy.0 = Release|Any CPU
		{4A0F1971-0D95-4E9F-90C2-134E154FB8B2}.AppStore|iPhone.ActiveCfg = Release|Any CPU
		{4A0F1971-0D95-4E9F-90C2-134E154FB8B2}.AppStore|iPhone.Build.0 = Release|Any CPU
		{4A0F1971-0D95-4E9F-90C2-134E154FB8B2}.AppStore|iPhone.Deploy.0 = Release|Any CPU
		{4A0F1971-0D95-4E9F-90C2-134E154FB8B2}.AppStore|iPhoneSimulator.ActiveCfg = Release|Any CPU
		{4A0F1971-0D95-4E9F-90C2-134E154FB8B2}.AppStore|iPhoneSimulator.Build.0 = Release|Any CPU
		{4A0F1971-0D95-4E9F-90C2-134E154FB8B2}.AppStore|iPhoneSimulator.Deploy.0 = Release|Any CPU
		{4A0F1971-0D95-4E9F-90C2-134E154FB8B2}.Debug|Any CPU.ActiveCfg = Debug|Any CPU
		{4A0F1971-0D95-4E9F-90C2-134E154FB8B2}.Debug|Any CPU.Build.0 = Debug|Any CPU
		{4A0F1971-0D95-4E9F-90C2-134E154FB8B2}.Debug|Any CPU.Deploy.0 = Debug|Any CPU
		{4A0F1971-0D95-4E9F-90C2-134E154FB8B2}.Debug|iPhone.ActiveCfg = Debug|Any CPU
		{4A0F1971-0D95-4E9F-90C2-134E154FB8B2}.Debug|iPhone.Build.0 = Debug|Any CPU
		{4A0F1971-0D95-4E9F-90C2-134E154FB8B2}.Debug|iPhone.Deploy.0 = Debug|Any CPU
		{4A0F1971-0D95-4E9F-90C2-134E154FB8B2}.Debug|iPhoneSimulator.ActiveCfg = Debug|Any CPU
		{4A0F1971-0D95-4E9F-90C2-134E154FB8B2}.Debug|iPhoneSimulator.Build.0 = Debug|Any CPU
		{4A0F1971-0D95-4E9F-90C2-134E154FB8B2}.Debug|iPhoneSimulator.Deploy.0 = Debug|Any CPU
		{4A0F1971-0D95-4E9F-90C2-134E154FB8B2}.Release|Any CPU.ActiveCfg = Release|Any CPU
		{4A0F1971-0D95-4E9F-90C2-134E154FB8B2}.Release|Any CPU.Build.0 = Release|Any CPU
		{4A0F1971-0D95-4E9F-90C2-134E154FB8B2}.Release|Any CPU.Deploy.0 = Release|Any CPU
		{4A0F1971-0D95-4E9F-90C2-134E154FB8B2}.Release|iPhone.ActiveCfg = Release|Any CPU
		{4A0F1971-0D95-4E9F-90C2-134E154FB8B2}.Release|iPhone.Build.0 = Release|Any CPU
		{4A0F1971-0D95-4E9F-90C2-134E154FB8B2}.Release|iPhone.Deploy.0 = Release|Any CPU
		{4A0F1971-0D95-4E9F-90C2-134E154FB8B2}.Release|iPhoneSimulator.ActiveCfg = Release|Any CPU
		{4A0F1971-0D95-4E9F-90C2-134E154FB8B2}.Release|iPhoneSimulator.Build.0 = Release|Any CPU
		{4A0F1971-0D95-4E9F-90C2-134E154FB8B2}.Release|iPhoneSimulator.Deploy.0 = Release|Any CPU
		{D0EE7F14-30D7-46D2-BCF9-24E52CE06838}.Ad-Hoc|Any CPU.ActiveCfg = Ad-Hoc|iPhone
		{D0EE7F14-30D7-46D2-BCF9-24E52CE06838}.Ad-Hoc|iPhone.ActiveCfg = Ad-Hoc|iPhone
		{D0EE7F14-30D7-46D2-BCF9-24E52CE06838}.Ad-Hoc|iPhone.Build.0 = Ad-Hoc|iPhone
		{D0EE7F14-30D7-46D2-BCF9-24E52CE06838}.Ad-Hoc|iPhoneSimulator.ActiveCfg = Ad-Hoc|iPhoneSimulator
		{D0EE7F14-30D7-46D2-BCF9-24E52CE06838}.Ad-Hoc|iPhoneSimulator.Build.0 = Ad-Hoc|iPhoneSimulator
		{D0EE7F14-30D7-46D2-BCF9-24E52CE06838}.AppStore|Any CPU.ActiveCfg = AppStore|iPhone
		{D0EE7F14-30D7-46D2-BCF9-24E52CE06838}.AppStore|iPhone.ActiveCfg = AppStore|iPhone
		{D0EE7F14-30D7-46D2-BCF9-24E52CE06838}.AppStore|iPhone.Build.0 = AppStore|iPhone
		{D0EE7F14-30D7-46D2-BCF9-24E52CE06838}.AppStore|iPhoneSimulator.ActiveCfg = AppStore|iPhoneSimulator
		{D0EE7F14-30D7-46D2-BCF9-24E52CE06838}.AppStore|iPhoneSimulator.Build.0 = AppStore|iPhoneSimulator
		{D0EE7F14-30D7-46D2-BCF9-24E52CE06838}.Debug|Any CPU.ActiveCfg = Debug|iPhone
		{D0EE7F14-30D7-46D2-BCF9-24E52CE06838}.Debug|iPhone.ActiveCfg = Debug|iPhone
		{D0EE7F14-30D7-46D2-BCF9-24E52CE06838}.Debug|iPhone.Build.0 = Debug|iPhone
		{D0EE7F14-30D7-46D2-BCF9-24E52CE06838}.Debug|iPhoneSimulator.ActiveCfg = Debug|iPhoneSimulator
		{D0EE7F14-30D7-46D2-BCF9-24E52CE06838}.Debug|iPhoneSimulator.Build.0 = Debug|iPhoneSimulator
		{D0EE7F14-30D7-46D2-BCF9-24E52CE06838}.Release|Any CPU.ActiveCfg = Release|iPhone
		{D0EE7F14-30D7-46D2-BCF9-24E52CE06838}.Release|iPhone.ActiveCfg = Release|iPhone
		{D0EE7F14-30D7-46D2-BCF9-24E52CE06838}.Release|iPhone.Build.0 = Release|iPhone
		{D0EE7F14-30D7-46D2-BCF9-24E52CE06838}.Release|iPhoneSimulator.ActiveCfg = Release|iPhoneSimulator
		{D0EE7F14-30D7-46D2-BCF9-24E52CE06838}.Release|iPhoneSimulator.Build.0 = Release|iPhoneSimulator
		{C2F6FE4B-5D4E-4015-86B4-E6F66620333A}.Ad-Hoc|Any CPU.ActiveCfg = Debug|Any CPU
		{C2F6FE4B-5D4E-4015-86B4-E6F66620333A}.Ad-Hoc|Any CPU.Build.0 = Debug|Any CPU
		{C2F6FE4B-5D4E-4015-86B4-E6F66620333A}.Ad-Hoc|iPhone.ActiveCfg = Debug|Any CPU
		{C2F6FE4B-5D4E-4015-86B4-E6F66620333A}.Ad-Hoc|iPhone.Build.0 = Debug|Any CPU
		{C2F6FE4B-5D4E-4015-86B4-E6F66620333A}.Ad-Hoc|iPhoneSimulator.ActiveCfg = Debug|Any CPU
		{C2F6FE4B-5D4E-4015-86B4-E6F66620333A}.Ad-Hoc|iPhoneSimulator.Build.0 = Debug|Any CPU
		{C2F6FE4B-5D4E-4015-86B4-E6F66620333A}.AppStore|Any CPU.ActiveCfg = Debug|Any CPU
		{C2F6FE4B-5D4E-4015-86B4-E6F66620333A}.AppStore|Any CPU.Build.0 = Debug|Any CPU
		{C2F6FE4B-5D4E-4015-86B4-E6F66620333A}.AppStore|iPhone.ActiveCfg = Debug|Any CPU
		{C2F6FE4B-5D4E-4015-86B4-E6F66620333A}.AppStore|iPhone.Build.0 = Debug|Any CPU
		{C2F6FE4B-5D4E-4015-86B4-E6F66620333A}.AppStore|iPhoneSimulator.ActiveCfg = Debug|Any CPU
		{C2F6FE4B-5D4E-4015-86B4-E6F66620333A}.AppStore|iPhoneSimulator.Build.0 = Debug|Any CPU
		{C2F6FE4B-5D4E-4015-86B4-E6F66620333A}.Debug|Any CPU.ActiveCfg = Debug|Any CPU
		{C2F6FE4B-5D4E-4015-86B4-E6F66620333A}.Debug|Any CPU.Build.0 = Debug|Any CPU
		{C2F6FE4B-5D4E-4015-86B4-E6F66620333A}.Debug|iPhone.ActiveCfg = Debug|Any CPU
		{C2F6FE4B-5D4E-4015-86B4-E6F66620333A}.Debug|iPhone.Build.0 = Debug|Any CPU
		{C2F6FE4B-5D4E-4015-86B4-E6F66620333A}.Debug|iPhoneSimulator.ActiveCfg = Debug|Any CPU
		{C2F6FE4B-5D4E-4015-86B4-E6F66620333A}.Debug|iPhoneSimulator.Build.0 = Debug|Any CPU
		{C2F6FE4B-5D4E-4015-86B4-E6F66620333A}.Release|Any CPU.ActiveCfg = Release|Any CPU
		{C2F6FE4B-5D4E-4015-86B4-E6F66620333A}.Release|Any CPU.Build.0 = Release|Any CPU
		{C2F6FE4B-5D4E-4015-86B4-E6F66620333A}.Release|iPhone.ActiveCfg = Release|Any CPU
		{C2F6FE4B-5D4E-4015-86B4-E6F66620333A}.Release|iPhone.Build.0 = Release|Any CPU
		{C2F6FE4B-5D4E-4015-86B4-E6F66620333A}.Release|iPhoneSimulator.ActiveCfg = Release|Any CPU
		{C2F6FE4B-5D4E-4015-86B4-E6F66620333A}.Release|iPhoneSimulator.Build.0 = Release|Any CPU
		{B2C97FC9-8C1F-4C51-A93E-1C2A035DD892}.Ad-Hoc|Any CPU.ActiveCfg = Release|Any CPU
		{B2C97FC9-8C1F-4C51-A93E-1C2A035DD892}.Ad-Hoc|Any CPU.Build.0 = Release|Any CPU
		{B2C97FC9-8C1F-4C51-A93E-1C2A035DD892}.Ad-Hoc|Any CPU.Deploy.0 = Release|Any CPU
		{B2C97FC9-8C1F-4C51-A93E-1C2A035DD892}.Ad-Hoc|iPhone.ActiveCfg = Release|Any CPU
		{B2C97FC9-8C1F-4C51-A93E-1C2A035DD892}.Ad-Hoc|iPhone.Build.0 = Release|Any CPU
		{B2C97FC9-8C1F-4C51-A93E-1C2A035DD892}.Ad-Hoc|iPhone.Deploy.0 = Release|Any CPU
		{B2C97FC9-8C1F-4C51-A93E-1C2A035DD892}.Ad-Hoc|iPhoneSimulator.ActiveCfg = Release|Any CPU
		{B2C97FC9-8C1F-4C51-A93E-1C2A035DD892}.Ad-Hoc|iPhoneSimulator.Build.0 = Release|Any CPU
		{B2C97FC9-8C1F-4C51-A93E-1C2A035DD892}.Ad-Hoc|iPhoneSimulator.Deploy.0 = Release|Any CPU
		{B2C97FC9-8C1F-4C51-A93E-1C2A035DD892}.AppStore|Any CPU.ActiveCfg = Release|Any CPU
		{B2C97FC9-8C1F-4C51-A93E-1C2A035DD892}.AppStore|Any CPU.Build.0 = Release|Any CPU
		{B2C97FC9-8C1F-4C51-A93E-1C2A035DD892}.AppStore|Any CPU.Deploy.0 = Release|Any CPU
		{B2C97FC9-8C1F-4C51-A93E-1C2A035DD892}.AppStore|iPhone.ActiveCfg = Release|Any CPU
		{B2C97FC9-8C1F-4C51-A93E-1C2A035DD892}.AppStore|iPhone.Build.0 = Release|Any CPU
		{B2C97FC9-8C1F-4C51-A93E-1C2A035DD892}.AppStore|iPhone.Deploy.0 = Release|Any CPU
		{B2C97FC9-8C1F-4C51-A93E-1C2A035DD892}.AppStore|iPhoneSimulator.ActiveCfg = Release|Any CPU
		{B2C97FC9-8C1F-4C51-A93E-1C2A035DD892}.AppStore|iPhoneSimulator.Build.0 = Release|Any CPU
		{B2C97FC9-8C1F-4C51-A93E-1C2A035DD892}.AppStore|iPhoneSimulator.Deploy.0 = Release|Any CPU
		{B2C97FC9-8C1F-4C51-A93E-1C2A035DD892}.Debug|Any CPU.ActiveCfg = Debug|Any CPU
		{B2C97FC9-8C1F-4C51-A93E-1C2A035DD892}.Debug|Any CPU.Build.0 = Debug|Any CPU
		{B2C97FC9-8C1F-4C51-A93E-1C2A035DD892}.Debug|Any CPU.Deploy.0 = Debug|Any CPU
		{B2C97FC9-8C1F-4C51-A93E-1C2A035DD892}.Debug|iPhone.ActiveCfg = Debug|Any CPU
		{B2C97FC9-8C1F-4C51-A93E-1C2A035DD892}.Debug|iPhone.Build.0 = Debug|Any CPU
		{B2C97FC9-8C1F-4C51-A93E-1C2A035DD892}.Debug|iPhone.Deploy.0 = Debug|Any CPU
		{B2C97FC9-8C1F-4C51-A93E-1C2A035DD892}.Debug|iPhoneSimulator.ActiveCfg = Debug|Any CPU
		{B2C97FC9-8C1F-4C51-A93E-1C2A035DD892}.Debug|iPhoneSimulator.Build.0 = Debug|Any CPU
		{B2C97FC9-8C1F-4C51-A93E-1C2A035DD892}.Debug|iPhoneSimulator.Deploy.0 = Debug|Any CPU
		{B2C97FC9-8C1F-4C51-A93E-1C2A035DD892}.Release|Any CPU.ActiveCfg = Release|Any CPU
		{B2C97FC9-8C1F-4C51-A93E-1C2A035DD892}.Release|Any CPU.Build.0 = Release|Any CPU
		{B2C97FC9-8C1F-4C51-A93E-1C2A035DD892}.Release|Any CPU.Deploy.0 = Release|Any CPU
		{B2C97FC9-8C1F-4C51-A93E-1C2A035DD892}.Release|iPhone.ActiveCfg = Release|Any CPU
		{B2C97FC9-8C1F-4C51-A93E-1C2A035DD892}.Release|iPhone.Build.0 = Release|Any CPU
		{B2C97FC9-8C1F-4C51-A93E-1C2A035DD892}.Release|iPhone.Deploy.0 = Release|Any CPU
		{B2C97FC9-8C1F-4C51-A93E-1C2A035DD892}.Release|iPhoneSimulator.ActiveCfg = Release|Any CPU
		{B2C97FC9-8C1F-4C51-A93E-1C2A035DD892}.Release|iPhoneSimulator.Build.0 = Release|Any CPU
		{B2C97FC9-8C1F-4C51-A93E-1C2A035DD892}.Release|iPhoneSimulator.Deploy.0 = Release|Any CPU
		{A0B772CA-1FDA-46D0-82EF-C220C64C0249}.Ad-Hoc|Any CPU.ActiveCfg = Ad-Hoc|iPhone
		{A0B772CA-1FDA-46D0-82EF-C220C64C0249}.Ad-Hoc|iPhone.ActiveCfg = Ad-Hoc|iPhone
		{A0B772CA-1FDA-46D0-82EF-C220C64C0249}.Ad-Hoc|iPhone.Build.0 = Ad-Hoc|iPhone
		{A0B772CA-1FDA-46D0-82EF-C220C64C0249}.Ad-Hoc|iPhoneSimulator.ActiveCfg = Ad-Hoc|iPhoneSimulator
		{A0B772CA-1FDA-46D0-82EF-C220C64C0249}.Ad-Hoc|iPhoneSimulator.Build.0 = Ad-Hoc|iPhoneSimulator
		{A0B772CA-1FDA-46D0-82EF-C220C64C0249}.AppStore|Any CPU.ActiveCfg = AppStore|iPhone
		{A0B772CA-1FDA-46D0-82EF-C220C64C0249}.AppStore|iPhone.ActiveCfg = AppStore|iPhone
		{A0B772CA-1FDA-46D0-82EF-C220C64C0249}.AppStore|iPhone.Build.0 = AppStore|iPhone
		{A0B772CA-1FDA-46D0-82EF-C220C64C0249}.AppStore|iPhoneSimulator.ActiveCfg = AppStore|iPhoneSimulator
		{A0B772CA-1FDA-46D0-82EF-C220C64C0249}.AppStore|iPhoneSimulator.Build.0 = AppStore|iPhoneSimulator
		{A0B772CA-1FDA-46D0-82EF-C220C64C0249}.Debug|Any CPU.ActiveCfg = Debug|iPhone
		{A0B772CA-1FDA-46D0-82EF-C220C64C0249}.Debug|iPhone.ActiveCfg = Debug|iPhone
		{A0B772CA-1FDA-46D0-82EF-C220C64C0249}.Debug|iPhone.Build.0 = Debug|iPhone
		{A0B772CA-1FDA-46D0-82EF-C220C64C0249}.Debug|iPhoneSimulator.ActiveCfg = Debug|iPhoneSimulator
		{A0B772CA-1FDA-46D0-82EF-C220C64C0249}.Debug|iPhoneSimulator.Build.0 = Debug|iPhoneSimulator
		{A0B772CA-1FDA-46D0-82EF-C220C64C0249}.Release|Any CPU.ActiveCfg = Release|iPhone
		{A0B772CA-1FDA-46D0-82EF-C220C64C0249}.Release|iPhone.ActiveCfg = Release|iPhone
		{A0B772CA-1FDA-46D0-82EF-C220C64C0249}.Release|iPhone.Build.0 = Release|iPhone
		{A0B772CA-1FDA-46D0-82EF-C220C64C0249}.Release|iPhoneSimulator.ActiveCfg = Release|iPhoneSimulator
		{A0B772CA-1FDA-46D0-82EF-C220C64C0249}.Release|iPhoneSimulator.Build.0 = Release|iPhoneSimulator
		{CF89C178-4454-49C0-ABD3-DB3CABF98063}.Ad-Hoc|Any CPU.ActiveCfg = Debug|Any CPU
		{CF89C178-4454-49C0-ABD3-DB3CABF98063}.Ad-Hoc|Any CPU.Build.0 = Debug|Any CPU
		{CF89C178-4454-49C0-ABD3-DB3CABF98063}.Ad-Hoc|iPhone.ActiveCfg = Debug|Any CPU
		{CF89C178-4454-49C0-ABD3-DB3CABF98063}.Ad-Hoc|iPhone.Build.0 = Debug|Any CPU
		{CF89C178-4454-49C0-ABD3-DB3CABF98063}.Ad-Hoc|iPhoneSimulator.ActiveCfg = Debug|Any CPU
		{CF89C178-4454-49C0-ABD3-DB3CABF98063}.Ad-Hoc|iPhoneSimulator.Build.0 = Debug|Any CPU
		{CF89C178-4454-49C0-ABD3-DB3CABF98063}.AppStore|Any CPU.ActiveCfg = Debug|Any CPU
		{CF89C178-4454-49C0-ABD3-DB3CABF98063}.AppStore|Any CPU.Build.0 = Debug|Any CPU
		{CF89C178-4454-49C0-ABD3-DB3CABF98063}.AppStore|iPhone.ActiveCfg = Debug|Any CPU
		{CF89C178-4454-49C0-ABD3-DB3CABF98063}.AppStore|iPhone.Build.0 = Debug|Any CPU
		{CF89C178-4454-49C0-ABD3-DB3CABF98063}.AppStore|iPhoneSimulator.ActiveCfg = Debug|Any CPU
		{CF89C178-4454-49C0-ABD3-DB3CABF98063}.AppStore|iPhoneSimulator.Build.0 = Debug|Any CPU
		{CF89C178-4454-49C0-ABD3-DB3CABF98063}.Debug|Any CPU.ActiveCfg = Debug|Any CPU
		{CF89C178-4454-49C0-ABD3-DB3CABF98063}.Debug|Any CPU.Build.0 = Debug|Any CPU
		{CF89C178-4454-49C0-ABD3-DB3CABF98063}.Debug|iPhone.ActiveCfg = Debug|Any CPU
		{CF89C178-4454-49C0-ABD3-DB3CABF98063}.Debug|iPhone.Build.0 = Debug|Any CPU
		{CF89C178-4454-49C0-ABD3-DB3CABF98063}.Debug|iPhoneSimulator.ActiveCfg = Debug|Any CPU
		{CF89C178-4454-49C0-ABD3-DB3CABF98063}.Debug|iPhoneSimulator.Build.0 = Debug|Any CPU
		{CF89C178-4454-49C0-ABD3-DB3CABF98063}.Release|Any CPU.ActiveCfg = Release|Any CPU
		{CF89C178-4454-49C0-ABD3-DB3CABF98063}.Release|Any CPU.Build.0 = Release|Any CPU
		{CF89C178-4454-49C0-ABD3-DB3CABF98063}.Release|iPhone.ActiveCfg = Release|Any CPU
		{CF89C178-4454-49C0-ABD3-DB3CABF98063}.Release|iPhone.Build.0 = Release|Any CPU
		{CF89C178-4454-49C0-ABD3-DB3CABF98063}.Release|iPhoneSimulator.ActiveCfg = Release|Any CPU
		{CF89C178-4454-49C0-ABD3-DB3CABF98063}.Release|iPhoneSimulator.Build.0 = Release|Any CPU
		{1CEA1DA8-8870-4A36-ACC8-B7B634007A79}.Ad-Hoc|Any CPU.ActiveCfg = Release|Any CPU
		{1CEA1DA8-8870-4A36-ACC8-B7B634007A79}.Ad-Hoc|Any CPU.Build.0 = Release|Any CPU
		{1CEA1DA8-8870-4A36-ACC8-B7B634007A79}.Ad-Hoc|Any CPU.Deploy.0 = Release|Any CPU
		{1CEA1DA8-8870-4A36-ACC8-B7B634007A79}.Ad-Hoc|iPhone.ActiveCfg = Release|Any CPU
		{1CEA1DA8-8870-4A36-ACC8-B7B634007A79}.Ad-Hoc|iPhone.Build.0 = Release|Any CPU
		{1CEA1DA8-8870-4A36-ACC8-B7B634007A79}.Ad-Hoc|iPhone.Deploy.0 = Release|Any CPU
		{1CEA1DA8-8870-4A36-ACC8-B7B634007A79}.Ad-Hoc|iPhoneSimulator.ActiveCfg = Release|Any CPU
		{1CEA1DA8-8870-4A36-ACC8-B7B634007A79}.Ad-Hoc|iPhoneSimulator.Build.0 = Release|Any CPU
		{1CEA1DA8-8870-4A36-ACC8-B7B634007A79}.Ad-Hoc|iPhoneSimulator.Deploy.0 = Release|Any CPU
		{1CEA1DA8-8870-4A36-ACC8-B7B634007A79}.AppStore|Any CPU.ActiveCfg = Release|Any CPU
		{1CEA1DA8-8870-4A36-ACC8-B7B634007A79}.AppStore|Any CPU.Build.0 = Release|Any CPU
		{1CEA1DA8-8870-4A36-ACC8-B7B634007A79}.AppStore|Any CPU.Deploy.0 = Release|Any CPU
		{1CEA1DA8-8870-4A36-ACC8-B7B634007A79}.AppStore|iPhone.ActiveCfg = Release|Any CPU
		{1CEA1DA8-8870-4A36-ACC8-B7B634007A79}.AppStore|iPhone.Build.0 = Release|Any CPU
		{1CEA1DA8-8870-4A36-ACC8-B7B634007A79}.AppStore|iPhone.Deploy.0 = Release|Any CPU
		{1CEA1DA8-8870-4A36-ACC8-B7B634007A79}.AppStore|iPhoneSimulator.ActiveCfg = Release|Any CPU
		{1CEA1DA8-8870-4A36-ACC8-B7B634007A79}.AppStore|iPhoneSimulator.Build.0 = Release|Any CPU
		{1CEA1DA8-8870-4A36-ACC8-B7B634007A79}.AppStore|iPhoneSimulator.Deploy.0 = Release|Any CPU
		{1CEA1DA8-8870-4A36-ACC8-B7B634007A79}.Debug|Any CPU.ActiveCfg = Debug|Any CPU
		{1CEA1DA8-8870-4A36-ACC8-B7B634007A79}.Debug|Any CPU.Build.0 = Debug|Any CPU
		{1CEA1DA8-8870-4A36-ACC8-B7B634007A79}.Debug|Any CPU.Deploy.0 = Debug|Any CPU
		{1CEA1DA8-8870-4A36-ACC8-B7B634007A79}.Debug|iPhone.ActiveCfg = Debug|Any CPU
		{1CEA1DA8-8870-4A36-ACC8-B7B634007A79}.Debug|iPhone.Build.0 = Debug|Any CPU
		{1CEA1DA8-8870-4A36-ACC8-B7B634007A79}.Debug|iPhone.Deploy.0 = Debug|Any CPU
		{1CEA1DA8-8870-4A36-ACC8-B7B634007A79}.Debug|iPhoneSimulator.ActiveCfg = Debug|Any CPU
		{1CEA1DA8-8870-4A36-ACC8-B7B634007A79}.Debug|iPhoneSimulator.Build.0 = Debug|Any CPU
		{1CEA1DA8-8870-4A36-ACC8-B7B634007A79}.Debug|iPhoneSimulator.Deploy.0 = Debug|Any CPU
		{1CEA1DA8-8870-4A36-ACC8-B7B634007A79}.Release|Any CPU.ActiveCfg = Release|Any CPU
		{1CEA1DA8-8870-4A36-ACC8-B7B634007A79}.Release|Any CPU.Build.0 = Release|Any CPU
		{1CEA1DA8-8870-4A36-ACC8-B7B634007A79}.Release|Any CPU.Deploy.0 = Release|Any CPU
		{1CEA1DA8-8870-4A36-ACC8-B7B634007A79}.Release|iPhone.ActiveCfg = Release|Any CPU
		{1CEA1DA8-8870-4A36-ACC8-B7B634007A79}.Release|iPhone.Build.0 = Release|Any CPU
		{1CEA1DA8-8870-4A36-ACC8-B7B634007A79}.Release|iPhone.Deploy.0 = Release|Any CPU
		{1CEA1DA8-8870-4A36-ACC8-B7B634007A79}.Release|iPhoneSimulator.ActiveCfg = Release|Any CPU
		{1CEA1DA8-8870-4A36-ACC8-B7B634007A79}.Release|iPhoneSimulator.Build.0 = Release|Any CPU
		{1CEA1DA8-8870-4A36-ACC8-B7B634007A79}.Release|iPhoneSimulator.Deploy.0 = Release|Any CPU
		{47FE1956-92C6-47CB-A74E-63E6215301D6}.Ad-Hoc|Any CPU.ActiveCfg = Ad-Hoc|iPhone
		{47FE1956-92C6-47CB-A74E-63E6215301D6}.Ad-Hoc|iPhone.ActiveCfg = Ad-Hoc|iPhone
		{47FE1956-92C6-47CB-A74E-63E6215301D6}.Ad-Hoc|iPhone.Build.0 = Ad-Hoc|iPhone
		{47FE1956-92C6-47CB-A74E-63E6215301D6}.Ad-Hoc|iPhoneSimulator.ActiveCfg = Ad-Hoc|iPhoneSimulator
		{47FE1956-92C6-47CB-A74E-63E6215301D6}.Ad-Hoc|iPhoneSimulator.Build.0 = Ad-Hoc|iPhoneSimulator
		{47FE1956-92C6-47CB-A74E-63E6215301D6}.AppStore|Any CPU.ActiveCfg = AppStore|iPhone
		{47FE1956-92C6-47CB-A74E-63E6215301D6}.AppStore|iPhone.ActiveCfg = AppStore|iPhone
		{47FE1956-92C6-47CB-A74E-63E6215301D6}.AppStore|iPhone.Build.0 = AppStore|iPhone
		{47FE1956-92C6-47CB-A74E-63E6215301D6}.AppStore|iPhoneSimulator.ActiveCfg = AppStore|iPhoneSimulator
		{47FE1956-92C6-47CB-A74E-63E6215301D6}.AppStore|iPhoneSimulator.Build.0 = AppStore|iPhoneSimulator
		{47FE1956-92C6-47CB-A74E-63E6215301D6}.Debug|Any CPU.ActiveCfg = Debug|iPhone
		{47FE1956-92C6-47CB-A74E-63E6215301D6}.Debug|iPhone.ActiveCfg = Debug|iPhone
		{47FE1956-92C6-47CB-A74E-63E6215301D6}.Debug|iPhone.Build.0 = Debug|iPhone
		{47FE1956-92C6-47CB-A74E-63E6215301D6}.Debug|iPhoneSimulator.ActiveCfg = Debug|iPhoneSimulator
		{47FE1956-92C6-47CB-A74E-63E6215301D6}.Debug|iPhoneSimulator.Build.0 = Debug|iPhoneSimulator
		{47FE1956-92C6-47CB-A74E-63E6215301D6}.Release|Any CPU.ActiveCfg = Release|iPhone
		{47FE1956-92C6-47CB-A74E-63E6215301D6}.Release|iPhone.ActiveCfg = Release|iPhone
		{47FE1956-92C6-47CB-A74E-63E6215301D6}.Release|iPhone.Build.0 = Release|iPhone
		{47FE1956-92C6-47CB-A74E-63E6215301D6}.Release|iPhoneSimulator.ActiveCfg = Release|iPhoneSimulator
		{47FE1956-92C6-47CB-A74E-63E6215301D6}.Release|iPhoneSimulator.Build.0 = Release|iPhoneSimulator
		{EFBD7181-948D-479B-8201-0765A55DB524}.Ad-Hoc|Any CPU.ActiveCfg = Debug|Any CPU
		{EFBD7181-948D-479B-8201-0765A55DB524}.Ad-Hoc|Any CPU.Build.0 = Debug|Any CPU
		{EFBD7181-948D-479B-8201-0765A55DB524}.Ad-Hoc|iPhone.ActiveCfg = Debug|Any CPU
		{EFBD7181-948D-479B-8201-0765A55DB524}.Ad-Hoc|iPhone.Build.0 = Debug|Any CPU
		{EFBD7181-948D-479B-8201-0765A55DB524}.Ad-Hoc|iPhoneSimulator.ActiveCfg = Debug|Any CPU
		{EFBD7181-948D-479B-8201-0765A55DB524}.Ad-Hoc|iPhoneSimulator.Build.0 = Debug|Any CPU
		{EFBD7181-948D-479B-8201-0765A55DB524}.AppStore|Any CPU.ActiveCfg = Debug|Any CPU
		{EFBD7181-948D-479B-8201-0765A55DB524}.AppStore|Any CPU.Build.0 = Debug|Any CPU
		{EFBD7181-948D-479B-8201-0765A55DB524}.AppStore|iPhone.ActiveCfg = Debug|Any CPU
		{EFBD7181-948D-479B-8201-0765A55DB524}.AppStore|iPhone.Build.0 = Debug|Any CPU
		{EFBD7181-948D-479B-8201-0765A55DB524}.AppStore|iPhoneSimulator.ActiveCfg = Debug|Any CPU
		{EFBD7181-948D-479B-8201-0765A55DB524}.AppStore|iPhoneSimulator.Build.0 = Debug|Any CPU
		{EFBD7181-948D-479B-8201-0765A55DB524}.Debug|Any CPU.ActiveCfg = Debug|Any CPU
		{EFBD7181-948D-479B-8201-0765A55DB524}.Debug|Any CPU.Build.0 = Debug|Any CPU
		{EFBD7181-948D-479B-8201-0765A55DB524}.Debug|iPhone.ActiveCfg = Debug|Any CPU
		{EFBD7181-948D-479B-8201-0765A55DB524}.Debug|iPhone.Build.0 = Debug|Any CPU
		{EFBD7181-948D-479B-8201-0765A55DB524}.Debug|iPhoneSimulator.ActiveCfg = Debug|Any CPU
		{EFBD7181-948D-479B-8201-0765A55DB524}.Debug|iPhoneSimulator.Build.0 = Debug|Any CPU
		{EFBD7181-948D-479B-8201-0765A55DB524}.Release|Any CPU.ActiveCfg = Release|Any CPU
		{EFBD7181-948D-479B-8201-0765A55DB524}.Release|Any CPU.Build.0 = Release|Any CPU
		{EFBD7181-948D-479B-8201-0765A55DB524}.Release|iPhone.ActiveCfg = Release|Any CPU
		{EFBD7181-948D-479B-8201-0765A55DB524}.Release|iPhone.Build.0 = Release|Any CPU
		{EFBD7181-948D-479B-8201-0765A55DB524}.Release|iPhoneSimulator.ActiveCfg = Release|Any CPU
		{EFBD7181-948D-479B-8201-0765A55DB524}.Release|iPhoneSimulator.Build.0 = Release|Any CPU
		{1BE53A23-6F03-4166-A112-E22F3F6B6744}.Ad-Hoc|Any CPU.ActiveCfg = Release|Any CPU
		{1BE53A23-6F03-4166-A112-E22F3F6B6744}.Ad-Hoc|Any CPU.Build.0 = Release|Any CPU
		{1BE53A23-6F03-4166-A112-E22F3F6B6744}.Ad-Hoc|Any CPU.Deploy.0 = Release|Any CPU
		{1BE53A23-6F03-4166-A112-E22F3F6B6744}.Ad-Hoc|iPhone.ActiveCfg = Release|Any CPU
		{1BE53A23-6F03-4166-A112-E22F3F6B6744}.Ad-Hoc|iPhone.Build.0 = Release|Any CPU
		{1BE53A23-6F03-4166-A112-E22F3F6B6744}.Ad-Hoc|iPhone.Deploy.0 = Release|Any CPU
		{1BE53A23-6F03-4166-A112-E22F3F6B6744}.Ad-Hoc|iPhoneSimulator.ActiveCfg = Release|Any CPU
		{1BE53A23-6F03-4166-A112-E22F3F6B6744}.Ad-Hoc|iPhoneSimulator.Build.0 = Release|Any CPU
		{1BE53A23-6F03-4166-A112-E22F3F6B6744}.Ad-Hoc|iPhoneSimulator.Deploy.0 = Release|Any CPU
		{1BE53A23-6F03-4166-A112-E22F3F6B6744}.AppStore|Any CPU.ActiveCfg = Release|Any CPU
		{1BE53A23-6F03-4166-A112-E22F3F6B6744}.AppStore|Any CPU.Build.0 = Release|Any CPU
		{1BE53A23-6F03-4166-A112-E22F3F6B6744}.AppStore|Any CPU.Deploy.0 = Release|Any CPU
		{1BE53A23-6F03-4166-A112-E22F3F6B6744}.AppStore|iPhone.ActiveCfg = Release|Any CPU
		{1BE53A23-6F03-4166-A112-E22F3F6B6744}.AppStore|iPhone.Build.0 = Release|Any CPU
		{1BE53A23-6F03-4166-A112-E22F3F6B6744}.AppStore|iPhone.Deploy.0 = Release|Any CPU
		{1BE53A23-6F03-4166-A112-E22F3F6B6744}.AppStore|iPhoneSimulator.ActiveCfg = Release|Any CPU
		{1BE53A23-6F03-4166-A112-E22F3F6B6744}.AppStore|iPhoneSimulator.Build.0 = Release|Any CPU
		{1BE53A23-6F03-4166-A112-E22F3F6B6744}.AppStore|iPhoneSimulator.Deploy.0 = Release|Any CPU
		{1BE53A23-6F03-4166-A112-E22F3F6B6744}.Debug|Any CPU.ActiveCfg = Debug|Any CPU
		{1BE53A23-6F03-4166-A112-E22F3F6B6744}.Debug|Any CPU.Build.0 = Debug|Any CPU
		{1BE53A23-6F03-4166-A112-E22F3F6B6744}.Debug|Any CPU.Deploy.0 = Debug|Any CPU
		{1BE53A23-6F03-4166-A112-E22F3F6B6744}.Debug|iPhone.ActiveCfg = Debug|Any CPU
		{1BE53A23-6F03-4166-A112-E22F3F6B6744}.Debug|iPhone.Build.0 = Debug|Any CPU
		{1BE53A23-6F03-4166-A112-E22F3F6B6744}.Debug|iPhone.Deploy.0 = Debug|Any CPU
		{1BE53A23-6F03-4166-A112-E22F3F6B6744}.Debug|iPhoneSimulator.ActiveCfg = Debug|Any CPU
		{1BE53A23-6F03-4166-A112-E22F3F6B6744}.Debug|iPhoneSimulator.Build.0 = Debug|Any CPU
		{1BE53A23-6F03-4166-A112-E22F3F6B6744}.Debug|iPhoneSimulator.Deploy.0 = Debug|Any CPU
		{1BE53A23-6F03-4166-A112-E22F3F6B6744}.Release|Any CPU.ActiveCfg = Release|Any CPU
		{1BE53A23-6F03-4166-A112-E22F3F6B6744}.Release|Any CPU.Build.0 = Release|Any CPU
		{1BE53A23-6F03-4166-A112-E22F3F6B6744}.Release|Any CPU.Deploy.0 = Release|Any CPU
		{1BE53A23-6F03-4166-A112-E22F3F6B6744}.Release|iPhone.ActiveCfg = Release|Any CPU
		{1BE53A23-6F03-4166-A112-E22F3F6B6744}.Release|iPhone.Build.0 = Release|Any CPU
		{1BE53A23-6F03-4166-A112-E22F3F6B6744}.Release|iPhone.Deploy.0 = Release|Any CPU
		{1BE53A23-6F03-4166-A112-E22F3F6B6744}.Release|iPhoneSimulator.ActiveCfg = Release|Any CPU
		{1BE53A23-6F03-4166-A112-E22F3F6B6744}.Release|iPhoneSimulator.Build.0 = Release|Any CPU
		{1BE53A23-6F03-4166-A112-E22F3F6B6744}.Release|iPhoneSimulator.Deploy.0 = Release|Any CPU
		{BF5914EF-7C57-4EEC-9830-1D621CF60BC0}.Ad-Hoc|Any CPU.ActiveCfg = Ad-Hoc|iPhone
		{BF5914EF-7C57-4EEC-9830-1D621CF60BC0}.Ad-Hoc|iPhone.ActiveCfg = Ad-Hoc|iPhone
		{BF5914EF-7C57-4EEC-9830-1D621CF60BC0}.Ad-Hoc|iPhone.Build.0 = Ad-Hoc|iPhone
		{BF5914EF-7C57-4EEC-9830-1D621CF60BC0}.Ad-Hoc|iPhoneSimulator.ActiveCfg = Ad-Hoc|iPhoneSimulator
		{BF5914EF-7C57-4EEC-9830-1D621CF60BC0}.Ad-Hoc|iPhoneSimulator.Build.0 = Ad-Hoc|iPhoneSimulator
		{BF5914EF-7C57-4EEC-9830-1D621CF60BC0}.AppStore|Any CPU.ActiveCfg = AppStore|iPhone
		{BF5914EF-7C57-4EEC-9830-1D621CF60BC0}.AppStore|iPhone.ActiveCfg = AppStore|iPhone
		{BF5914EF-7C57-4EEC-9830-1D621CF60BC0}.AppStore|iPhone.Build.0 = AppStore|iPhone
		{BF5914EF-7C57-4EEC-9830-1D621CF60BC0}.AppStore|iPhoneSimulator.ActiveCfg = AppStore|iPhoneSimulator
		{BF5914EF-7C57-4EEC-9830-1D621CF60BC0}.AppStore|iPhoneSimulator.Build.0 = AppStore|iPhoneSimulator
		{BF5914EF-7C57-4EEC-9830-1D621CF60BC0}.Debug|Any CPU.ActiveCfg = Debug|iPhone
		{BF5914EF-7C57-4EEC-9830-1D621CF60BC0}.Debug|iPhone.ActiveCfg = Debug|iPhone
		{BF5914EF-7C57-4EEC-9830-1D621CF60BC0}.Debug|iPhone.Build.0 = Debug|iPhone
		{BF5914EF-7C57-4EEC-9830-1D621CF60BC0}.Debug|iPhoneSimulator.ActiveCfg = Debug|iPhoneSimulator
		{BF5914EF-7C57-4EEC-9830-1D621CF60BC0}.Debug|iPhoneSimulator.Build.0 = Debug|iPhoneSimulator
		{BF5914EF-7C57-4EEC-9830-1D621CF60BC0}.Release|Any CPU.ActiveCfg = Release|iPhone
		{BF5914EF-7C57-4EEC-9830-1D621CF60BC0}.Release|iPhone.ActiveCfg = Release|iPhone
		{BF5914EF-7C57-4EEC-9830-1D621CF60BC0}.Release|iPhone.Build.0 = Release|iPhone
		{BF5914EF-7C57-4EEC-9830-1D621CF60BC0}.Release|iPhoneSimulator.ActiveCfg = Release|iPhoneSimulator
		{BF5914EF-7C57-4EEC-9830-1D621CF60BC0}.Release|iPhoneSimulator.Build.0 = Release|iPhoneSimulator
		{CB2FDD10-F04F-47FD-98F3-5A5730E17035}.Ad-Hoc|Any CPU.ActiveCfg = Debug|Any CPU
		{CB2FDD10-F04F-47FD-98F3-5A5730E17035}.Ad-Hoc|Any CPU.Build.0 = Debug|Any CPU
		{CB2FDD10-F04F-47FD-98F3-5A5730E17035}.Ad-Hoc|iPhone.ActiveCfg = Debug|Any CPU
		{CB2FDD10-F04F-47FD-98F3-5A5730E17035}.Ad-Hoc|iPhone.Build.0 = Debug|Any CPU
		{CB2FDD10-F04F-47FD-98F3-5A5730E17035}.Ad-Hoc|iPhoneSimulator.ActiveCfg = Debug|Any CPU
		{CB2FDD10-F04F-47FD-98F3-5A5730E17035}.Ad-Hoc|iPhoneSimulator.Build.0 = Debug|Any CPU
		{CB2FDD10-F04F-47FD-98F3-5A5730E17035}.AppStore|Any CPU.ActiveCfg = Debug|Any CPU
		{CB2FDD10-F04F-47FD-98F3-5A5730E17035}.AppStore|Any CPU.Build.0 = Debug|Any CPU
		{CB2FDD10-F04F-47FD-98F3-5A5730E17035}.AppStore|iPhone.ActiveCfg = Debug|Any CPU
		{CB2FDD10-F04F-47FD-98F3-5A5730E17035}.AppStore|iPhone.Build.0 = Debug|Any CPU
		{CB2FDD10-F04F-47FD-98F3-5A5730E17035}.AppStore|iPhoneSimulator.ActiveCfg = Debug|Any CPU
		{CB2FDD10-F04F-47FD-98F3-5A5730E17035}.AppStore|iPhoneSimulator.Build.0 = Debug|Any CPU
		{CB2FDD10-F04F-47FD-98F3-5A5730E17035}.Debug|Any CPU.ActiveCfg = Debug|Any CPU
		{CB2FDD10-F04F-47FD-98F3-5A5730E17035}.Debug|Any CPU.Build.0 = Debug|Any CPU
		{CB2FDD10-F04F-47FD-98F3-5A5730E17035}.Debug|iPhone.ActiveCfg = Debug|Any CPU
		{CB2FDD10-F04F-47FD-98F3-5A5730E17035}.Debug|iPhone.Build.0 = Debug|Any CPU
		{CB2FDD10-F04F-47FD-98F3-5A5730E17035}.Debug|iPhoneSimulator.ActiveCfg = Debug|Any CPU
		{CB2FDD10-F04F-47FD-98F3-5A5730E17035}.Debug|iPhoneSimulator.Build.0 = Debug|Any CPU
		{CB2FDD10-F04F-47FD-98F3-5A5730E17035}.Release|Any CPU.ActiveCfg = Release|Any CPU
		{CB2FDD10-F04F-47FD-98F3-5A5730E17035}.Release|Any CPU.Build.0 = Release|Any CPU
		{CB2FDD10-F04F-47FD-98F3-5A5730E17035}.Release|iPhone.ActiveCfg = Release|Any CPU
		{CB2FDD10-F04F-47FD-98F3-5A5730E17035}.Release|iPhone.Build.0 = Release|Any CPU
		{CB2FDD10-F04F-47FD-98F3-5A5730E17035}.Release|iPhoneSimulator.ActiveCfg = Release|Any CPU
		{CB2FDD10-F04F-47FD-98F3-5A5730E17035}.Release|iPhoneSimulator.Build.0 = Release|Any CPU
	EndGlobalSection
	GlobalSection(SolutionProperties) = preSolution
		HideSolutionNode = FALSE
	EndGlobalSection
	GlobalSection(NestedProjects) = preSolution
		{F7BF62EF-21B0-435F-8C28-8E64F9A63E4E} = {9FD0A6E4-2AE3-4DA8-95AB-E68600D20AF7}
		{EBFD8D00-8FFB-4F23-8FD9-2F25D47238FE} = {9FD0A6E4-2AE3-4DA8-95AB-E68600D20AF7}
		{F799EBA2-634B-4B1E-B2C0-9106C166AC4F} = {9FD0A6E4-2AE3-4DA8-95AB-E68600D20AF7}
		{9A31F1F3-3DC0-420F-83E0-302367BC6175} = {F636E1B3-C7F5-4AEC-90E9-80C077450B03}
		{5259E0FF-2936-4B52-B274-662F72C37B00} = {F636E1B3-C7F5-4AEC-90E9-80C077450B03}
		{BDE97A43-0BF6-4127-A28E-127735F7D783} = {F636E1B3-C7F5-4AEC-90E9-80C077450B03}
		{92402005-FA69-4E7E-A206-C6C58B726249} = {5570A199-8A60-46B7-9A8A-E7A0CB930717}
		{854BAEEC-FF2F-4A8C-8EE9-1FC28265BF45} = {5570A199-8A60-46B7-9A8A-E7A0CB930717}
		{3B328F50-B935-4F84-BA52-825932931C82} = {5570A199-8A60-46B7-9A8A-E7A0CB930717}
		{6C79DB3B-6239-48F3-BFA8-D4A92DE8754F} = {285D98DA-238A-42A8-9A31-EF48D8BD4DD7}
		{14B64E25-930D-4E5D-8A8B-63D0C1C652D4} = {285D98DA-238A-42A8-9A31-EF48D8BD4DD7}
		{F03490FF-C700-4992-B6D9-446AB51CBE20} = {285D98DA-238A-42A8-9A31-EF48D8BD4DD7}
		{871D261C-C169-4CCD-973B-6551E7604946} = {BD5CD0ED-E860-4779-81FC-BBF79783AE90}
		{DDFD563A-7718-4507-95CE-4B84374B30BF} = {BD5CD0ED-E860-4779-81FC-BBF79783AE90}
		{A69A32BA-5BC2-4958-A072-BE40F4331C6E} = {BD5CD0ED-E860-4779-81FC-BBF79783AE90}
		{4BCD2BC2-E27B-46EC-B4E1-DDABD46E5D33} = {F9E0A693-D583-4030-8E43-C1EF609AE271}
		{C345AC2F-1AB8-423D-A2D0-216FCBC7787A} = {F9E0A693-D583-4030-8E43-C1EF609AE271}
		{E1165752-6881-47CB-9B5D-21A05C3990AD} = {F9E0A693-D583-4030-8E43-C1EF609AE271}
		{DB5490F9-E5D6-4AF8-B26B-C3E3EFE88E8D} = {EE098F40-8C99-49A6-A688-3386CF1853D6}
		{A1E9EA61-AFF9-430B-A17E-CDF4928AE502} = {EE098F40-8C99-49A6-A688-3386CF1853D6}
		{8D1AF247-20CF-421B-9750-DD4E81037F85} = {EE098F40-8C99-49A6-A688-3386CF1853D6}
		{4A0F1971-0D95-4E9F-90C2-134E154FB8B2} = {80601FFE-78BB-4805-B5F8-C55A727D289E}
		{D0EE7F14-30D7-46D2-BCF9-24E52CE06838} = {80601FFE-78BB-4805-B5F8-C55A727D289E}
		{C2F6FE4B-5D4E-4015-86B4-E6F66620333A} = {80601FFE-78BB-4805-B5F8-C55A727D289E}
		{B2C97FC9-8C1F-4C51-A93E-1C2A035DD892} = {72D97CF5-6862-41D1-9B8D-9AC7317EF45C}
		{A0B772CA-1FDA-46D0-82EF-C220C64C0249} = {72D97CF5-6862-41D1-9B8D-9AC7317EF45C}
		{CF89C178-4454-49C0-ABD3-DB3CABF98063} = {72D97CF5-6862-41D1-9B8D-9AC7317EF45C}
		{1CEA1DA8-8870-4A36-ACC8-B7B634007A79} = {EEA62A40-D27B-41A3-B866-600A104390B7}
		{47FE1956-92C6-47CB-A74E-63E6215301D6} = {EEA62A40-D27B-41A3-B866-600A104390B7}
		{EFBD7181-948D-479B-8201-0765A55DB524} = {EEA62A40-D27B-41A3-B866-600A104390B7}
		{1BE53A23-6F03-4166-A112-E22F3F6B6744} = {1E77CE41-BFE7-449E-8228-05ED0C0387B7}
		{BF5914EF-7C57-4EEC-9830-1D621CF60BC0} = {1E77CE41-BFE7-449E-8228-05ED0C0387B7}
		{CB2FDD10-F04F-47FD-98F3-5A5730E17035} = {1E77CE41-BFE7-449E-8228-05ED0C0387B7}
	EndGlobalSection
	GlobalSection(ExtensibilityGlobals) = postSolution
		SolutionGuid = {1E3D4D63-0719-45BA-96AC-EAA6F7F08F7E}
	EndGlobalSection
EndGlobal
